{
    "version": 3,
    "terraform_version": "0.11.7",
    "serial": 16,
    "lineage": "5a826b9b-0dd4-a3b3-07a8-88d1901f223d",
    "modules": [
        {
            "path": [
                "root"
            ],
            "outputs": {},
            "resources": {},
            "depends_on": []
        },
        {
            "path": [
                "root",
                "bot"
            ],
            "outputs": {},
            "resources": {
                "kubernetes_deployment.telebot": {
                    "type": "kubernetes_deployment",
                    "depends_on": [],
                    "primary": {
                        "id": "default/telebot",
                        "attributes": {
                            "id": "default/telebot",
                            "metadata.#": "1",
                            "metadata.0.annotations.%": "0",
                            "metadata.0.generate_name": "",
                            "metadata.0.generation": "1",
                            "metadata.0.labels.%": "3",
                            "metadata.0.labels.app": "telebot",
                            "metadata.0.labels.role": "master",
                            "metadata.0.labels.tier": "backend",
                            "metadata.0.name": "telebot",
                            "metadata.0.namespace": "default",
                            "metadata.0.resource_version": "152417",
                            "metadata.0.self_link": "/apis/apps/v1/namespaces/default/deployments/telebot",
                            "metadata.0.uid": "a854ff0b-5cec-11e9-ba4d-42010a8401a7",
                            "spec.#": "1",
                            "spec.0.min_ready_seconds": "0",
                            "spec.0.paused": "false",
                            "spec.0.progress_deadline_seconds": "600",
                            "spec.0.replicas": "1",
                            "spec.0.revision_history_limit": "10",
                            "spec.0.selector.#": "1",
                            "spec.0.selector.0.match_expressions.#": "0",
                            "spec.0.selector.0.match_labels.%": "3",
                            "spec.0.selector.0.match_labels.app": "telebot",
                            "spec.0.selector.0.match_labels.role": "master",
                            "spec.0.selector.0.match_labels.tier": "backend",
                            "spec.0.strategy.#": "0",
                            "spec.0.template.#": "1",
                            "spec.0.template.0.metadata.#": "1",
                            "spec.0.template.0.metadata.0.annotations.%": "0",
                            "spec.0.template.0.metadata.0.generate_name": "",
                            "spec.0.template.0.metadata.0.generation": "0",
                            "spec.0.template.0.metadata.0.labels.%": "3",
                            "spec.0.template.0.metadata.0.labels.app": "telebot",
                            "spec.0.template.0.metadata.0.labels.role": "master",
                            "spec.0.template.0.metadata.0.labels.tier": "backend",
                            "spec.0.template.0.metadata.0.name": "",
                            "spec.0.template.0.metadata.0.namespace": "default",
                            "spec.0.template.0.metadata.0.resource_version": "",
                            "spec.0.template.0.metadata.0.self_link": "",
                            "spec.0.template.0.metadata.0.uid": "",
                            "spec.0.template.0.spec.#": "1",
                            "spec.0.template.0.spec.0.active_deadline_seconds": "0",
                            "spec.0.template.0.spec.0.container.#": "1",
                            "spec.0.template.0.spec.0.container.0.args.#": "0",
                            "spec.0.template.0.spec.0.container.0.command.#": "0",
                            "spec.0.template.0.spec.0.container.0.env.#": "2",
                            "spec.0.template.0.spec.0.container.0.env.0.name": "api_telegram",
                            "spec.0.template.0.spec.0.container.0.env.0.value": "802799855:AAHZJziwkpPXBjrWMZmBJ1dch111edrTLzY",
                            "spec.0.template.0.spec.0.container.0.env.0.value_from.#": "0",
                            "spec.0.template.0.spec.0.container.0.env.1.name": "ip_redis",
                            "spec.0.template.0.spec.0.container.0.env.1.value": "35.205.212.224",
                            "spec.0.template.0.spec.0.container.0.env.1.value_from.#": "0",
                            "spec.0.template.0.spec.0.container.0.env_from.#": "0",
                            "spec.0.template.0.spec.0.container.0.image": "denizka/telebot:v0.7",
                            "spec.0.template.0.spec.0.container.0.image_pull_policy": "IfNotPresent",
                            "spec.0.template.0.spec.0.container.0.lifecycle.#": "0",
                            "spec.0.template.0.spec.0.container.0.liveness_probe.#": "0",
                            "spec.0.template.0.spec.0.container.0.name": "master",
                            "spec.0.template.0.spec.0.container.0.port.#": "0",
                            "spec.0.template.0.spec.0.container.0.readiness_probe.#": "0",
                            "spec.0.template.0.spec.0.container.0.resources.#": "1",
                            "spec.0.template.0.spec.0.container.0.resources.0.limits.#": "0",
                            "spec.0.template.0.spec.0.container.0.resources.0.requests.#": "1",
                            "spec.0.template.0.spec.0.container.0.resources.0.requests.0.cpu": "100m",
                            "spec.0.template.0.spec.0.container.0.resources.0.requests.0.memory": "512Mi",
                            "spec.0.template.0.spec.0.container.0.security_context.#": "0",
                            "spec.0.template.0.spec.0.container.0.stdin": "false",
                            "spec.0.template.0.spec.0.container.0.stdin_once": "false",
                            "spec.0.template.0.spec.0.container.0.termination_message_path": "/dev/termination-log",
                            "spec.0.template.0.spec.0.container.0.tty": "false",
                            "spec.0.template.0.spec.0.container.0.volume_mount.#": "0",
                            "spec.0.template.0.spec.0.container.0.working_dir": "",
                            "spec.0.template.0.spec.0.dns_policy": "ClusterFirst",
                            "spec.0.template.0.spec.0.host_ipc": "false",
                            "spec.0.template.0.spec.0.host_network": "false",
                            "spec.0.template.0.spec.0.host_pid": "false",
                            "spec.0.template.0.spec.0.hostname": "",
                            "spec.0.template.0.spec.0.image_pull_secrets.#": "0",
                            "spec.0.template.0.spec.0.init_container.#": "0",
                            "spec.0.template.0.spec.0.node_name": "",
                            "spec.0.template.0.spec.0.node_selector.%": "0",
                            "spec.0.template.0.spec.0.restart_policy": "Always",
                            "spec.0.template.0.spec.0.security_context.#": "0",
                            "spec.0.template.0.spec.0.service_account_name": "",
                            "spec.0.template.0.spec.0.subdomain": "",
                            "spec.0.template.0.spec.0.termination_grace_period_seconds": "30",
                            "spec.0.template.0.spec.0.volume.#": "0"
                        },
                        "meta": {
                            "e2bfb730-ecaa-11e6-8f88-34363bc7c4c0": {
                                "create": 600000000000,
                                "delete": 600000000000,
                                "update": 600000000000
                            }
                        },
                        "tainted": false
                    },
                    "deposed": [],
                    "provider": "module.bot.provider.kubernetes"
                },
                "kubernetes_service.telebot": {
                    "type": "kubernetes_service",
                    "depends_on": [],
                    "primary": {
                        "id": "default/telebot",
                        "attributes": {
                            "id": "default/telebot",
                            "load_balancer_ingress.#": "1",
                            "load_balancer_ingress.0.hostname": "",
                            "load_balancer_ingress.0.ip": "35.205.166.154",
                            "metadata.#": "1",
                            "metadata.0.annotations.%": "0",
                            "metadata.0.generate_name": "",
                            "metadata.0.generation": "0",
                            "metadata.0.labels.%": "3",
                            "metadata.0.labels.app": "telebot",
                            "metadata.0.labels.role": "master",
                            "metadata.0.labels.tier": "backend",
                            "metadata.0.name": "telebot",
                            "metadata.0.namespace": "default",
                            "metadata.0.resource_version": "152239",
                            "metadata.0.self_link": "/api/v1/namespaces/default/services/telebot",
                            "metadata.0.uid": "6ed18091-5cec-11e9-ba4d-42010a8401a7",
                            "spec.#": "1",
                            "spec.0.cluster_ip": "10.35.252.69",
                            "spec.0.external_ips.#": "0",
                            "spec.0.external_name": "",
                            "spec.0.load_balancer_ip": "",
                            "spec.0.load_balancer_source_ranges.#": "0",
                            "spec.0.port.#": "1",
                            "spec.0.port.0.name": "",
                            "spec.0.port.0.node_port": "30294",
                            "spec.0.port.0.port": "80",
                            "spec.0.port.0.protocol": "TCP",
                            "spec.0.port.0.target_port": "80",
                            "spec.0.publish_not_ready_addresses": "false",
                            "spec.0.selector.%": "3",
                            "spec.0.selector.app": "telebot",
                            "spec.0.selector.role": "master",
                            "spec.0.selector.tier": "backend",
                            "spec.0.session_affinity": "None",
                            "spec.0.type": "LoadBalancer"
                        },
                        "meta": {},
                        "tainted": false
                    },
                    "deposed": [],
                    "provider": "module.bot.provider.kubernetes"
                }
            },
            "depends_on": []
        },
        {
            "path": [
                "root",
                "functions"
            ],
            "outputs": {},
            "resources": {
                "google_cloud_scheduler_job.api-job": {
                    "type": "google_cloud_scheduler_job",
                    "depends_on": [
                        "google_cloudfunctions_function.get-data"
                    ],
                    "primary": {
                        "id": "api-job",
                        "attributes": {
                            "app_engine_http_target.#": "0",
                            "description": "test http job",
                            "http_target.#": "1",
                            "http_target.0.body": "",
                            "http_target.0.headers.%": "0",
                            "http_target.0.http_method": "POST",
                            "http_target.0.uri": "https://europe-west1-metal-mariner-235316.cloudfunctions.net/get-data",
                            "id": "api-job",
                            "name": "api-job",
                            "project": "metal-mariner-235316",
                            "pubsub_target.#": "0",
                            "region": "europe-west1",
                            "retry_config.#": "0",
                            "schedule": "*/15 * * * *",
                            "time_zone": "Europe/Brussels"
                        },
                        "meta": {
                            "e2bfb730-ecaa-11e6-8f88-34363bc7c4c0": {
                                "create": 240000000000,
                                "delete": 240000000000
                            }
                        },
                        "tainted": false
                    },
                    "deposed": [],
                    "provider": "module.functions.provider.google"
                },
                "google_cloudfunctions_function.current-temp": {
                    "type": "google_cloudfunctions_function",
                    "depends_on": [
                        "google_pubsub_topic.topic3",
                        "google_storage_bucket.bucket",
                        "google_storage_bucket_object.current-temp"
                    ],
                    "primary": {
                        "id": "metal-mariner-235316/europe-west1/current-temp",
                        "attributes": {
                            "available_memory_mb": "256",
                            "description": "My weather",
                            "entry_point": "message_from_topic3",
                            "environment_variables.%": "2",
                            "environment_variables.ip_redis": "35.205.212.224",
                            "environment_variables.project": "metal-mariner-235316",
                            "event_trigger.#": "1",
                            "event_trigger.0.event_type": "google.pubsub.topic.publish",
                            "event_trigger.0.failure_policy.#": "1",
                            "event_trigger.0.failure_policy.0.retry": "true",
                            "event_trigger.0.resource": "topic3",
                            "id": "metal-mariner-235316/europe-west1/current-temp",
                            "labels.%": "0",
                            "name": "current-temp",
                            "project": "metal-mariner-235316",
                            "region": "europe-west1",
                            "runtime": "python37",
                            "service_account_email": "metal-mariner-235316@appspot.gserviceaccount.com",
                            "source_archive_bucket": "jnjnjnjnj2211",
                            "source_archive_object": "current-temp.zip",
                            "source_repository.#": "0",
                            "timeout": "60"
                        },
                        "meta": {
                            "e2bfb730-ecaa-11e6-8f88-34363bc7c4c0": {
                                "create": 300000000000,
                                "delete": 300000000000,
                                "read": 300000000000
                            }
                        },
                        "tainted": false
                    },
                    "deposed": [],
                    "provider": "module.functions.provider.google"
                },
                "google_cloudfunctions_function.get-data": {
                    "type": "google_cloudfunctions_function",
                    "depends_on": [
                        "google_storage_bucket.bucket",
                        "google_storage_bucket_object.app"
                    ],
                    "primary": {
                        "id": "metal-mariner-235316/europe-west1/get-data",
                        "attributes": {
                            "available_memory_mb": "256",
                            "description": "My weather",
                            "entry_point": "get_data_from_api",
                            "environment_variables.%": "2",
                            "environment_variables.API": "276ec06355caea9ea3871dff528fe49d",
                            "environment_variables.project": "metal-mariner-235316",
                            "event_trigger.#": "0",
                            "https_trigger_url": "https://europe-west1-metal-mariner-235316.cloudfunctions.net/get-data",
                            "id": "metal-mariner-235316/europe-west1/get-data",
                            "labels.%": "1",
                            "labels.my-label": "my-label-value",
                            "name": "get-data",
                            "project": "metal-mariner-235316",
                            "region": "europe-west1",
                            "runtime": "python37",
                            "service_account_email": "metal-mariner-235316@appspot.gserviceaccount.com",
                            "source_archive_bucket": "jnjnjnjnj2211",
                            "source_archive_object": "app.zip",
                            "source_repository.#": "0",
                            "timeout": "60",
                            "trigger_http": "true"
                        },
                        "meta": {
                            "e2bfb730-ecaa-11e6-8f88-34363bc7c4c0": {
                                "create": 300000000000,
                                "delete": 300000000000,
                                "read": 300000000000
                            }
                        },
                        "tainted": false
                    },
                    "deposed": [],
                    "provider": "module.functions.provider.google"
                },
                "google_cloudfunctions_function.get-from-db": {
                    "type": "google_cloudfunctions_function",
                    "depends_on": [
                        "google_storage_bucket.bucket",
                        "google_storage_bucket_object.get-from-db"
                    ],
                    "primary": {
                        "id": "metal-mariner-235316/europe-west1/get-from-db",
                        "attributes": {
                            "available_memory_mb": "128",
                            "description": "Fetching from MongoDB",
                            "entry_point": "get_from_db",
                            "environment_variables.%": "3",
                            "environment_variables.ip": "35.205.202.32",
                            "environment_variables.user_name": "main_admin",
                            "environment_variables.user_pass": "abc123",
                            "event_trigger.#": "0",
                            "https_trigger_url": "https://europe-west1-metal-mariner-235316.cloudfunctions.net/get-from-db",
                            "id": "metal-mariner-235316/europe-west1/get-from-db",
                            "labels.%": "0",
                            "name": "get-from-db",
                            "project": "metal-mariner-235316",
                            "region": "europe-west1",
                            "runtime": "python37",
                            "service_account_email": "metal-mariner-235316@appspot.gserviceaccount.com",
                            "source_archive_bucket": "jnjnjnjnj2211",
                            "source_archive_object": "get-from-db.zip",
                            "source_repository.#": "0",
                            "timeout": "60",
                            "trigger_http": "true"
                        },
                        "meta": {
                            "e2bfb730-ecaa-11e6-8f88-34363bc7c4c0": {
                                "create": 300000000000,
                                "delete": 300000000000,
                                "read": 300000000000
                            }
                        },
                        "tainted": false
                    },
                    "deposed": [],
                    "provider": "module.functions.provider.google"
                },
                "google_cloudfunctions_function.save-to-db": {
                    "type": "google_cloudfunctions_function",
                    "depends_on": [
                        "google_pubsub_topic.topic1",
                        "google_storage_bucket.bucket",
                        "google_storage_bucket_object.db"
                    ],
                    "primary": {
                        "id": "metal-mariner-235316/europe-west1/save-to-db",
                        "attributes": {
                            "available_memory_mb": "256",
                            "description": "My weather",
                            "entry_point": "message_from_topic1",
                            "environment_variables.%": "3",
                            "environment_variables.ip": "35.205.202.32",
                            "environment_variables.user_name": "main_admin",
                            "environment_variables.user_pass": "abc123",
                            "event_trigger.#": "1",
                            "event_trigger.0.event_type": "google.pubsub.topic.publish",
                            "event_trigger.0.failure_policy.#": "1",
                            "event_trigger.0.failure_policy.0.retry": "true",
                            "event_trigger.0.resource": "topic1",
                            "id": "metal-mariner-235316/europe-west1/save-to-db",
                            "labels.%": "0",
                            "name": "save-to-db",
                            "project": "metal-mariner-235316",
                            "region": "europe-west1",
                            "runtime": "python37",
                            "service_account_email": "metal-mariner-235316@appspot.gserviceaccount.com",
                            "source_archive_bucket": "jnjnjnjnj2211",
                            "source_archive_object": "save-to-db.zip",
                            "source_repository.#": "0",
                            "timeout": "60"
                        },
                        "meta": {
                            "e2bfb730-ecaa-11e6-8f88-34363bc7c4c0": {
                                "create": 300000000000,
                                "delete": 300000000000,
                                "read": 300000000000
                            }
                        },
                        "tainted": false
                    },
                    "deposed": [],
                    "provider": "module.functions.provider.google"
                },
                "google_cloudfunctions_function.to-zamb": {
                    "type": "google_cloudfunctions_function",
                    "depends_on": [
                        "google_cloudfunctions_function.zamb",
                        "google_pubsub_topic.topic2",
                        "google_storage_bucket.bucket",
                        "google_storage_bucket_object.to-zamb"
                    ],
                    "primary": {
                        "id": "metal-mariner-235316/europe-west1/to-zamb",
                        "attributes": {
                            "available_memory_mb": "256",
                            "description": "My weather",
                            "entry_point": "message_from_topic2",
                            "environment_variables.%": "2",
                            "environment_variables.link_zamb": "https://europe-west1-metal-mariner-235316.cloudfunctions.net/zamb",
                            "environment_variables.project": "metal-mariner-235316",
                            "event_trigger.#": "1",
                            "event_trigger.0.event_type": "google.pubsub.topic.publish",
                            "event_trigger.0.failure_policy.#": "1",
                            "event_trigger.0.failure_policy.0.retry": "true",
                            "event_trigger.0.resource": "topic2",
                            "id": "metal-mariner-235316/europe-west1/to-zamb",
                            "labels.%": "0",
                            "name": "to-zamb",
                            "project": "metal-mariner-235316",
                            "region": "europe-west1",
                            "runtime": "python37",
                            "service_account_email": "metal-mariner-235316@appspot.gserviceaccount.com",
                            "source_archive_bucket": "jnjnjnjnj2211",
                            "source_archive_object": "to-zamb.zip",
                            "source_repository.#": "0",
                            "timeout": "60"
                        },
                        "meta": {
                            "e2bfb730-ecaa-11e6-8f88-34363bc7c4c0": {
                                "create": 300000000000,
                                "delete": 300000000000,
                                "read": 300000000000
                            }
                        },
                        "tainted": false
                    },
                    "deposed": [],
                    "provider": "module.functions.provider.google"
                },
                "google_cloudfunctions_function.zamb": {
                    "type": "google_cloudfunctions_function",
                    "depends_on": [
                        "google_storage_bucket.bucket",
                        "google_storage_bucket_object.zamb"
                    ],
                    "primary": {
                        "id": "metal-mariner-235316/europe-west1/zamb",
                        "attributes": {
                            "available_memory_mb": "256",
                            "description": "My weather",
                            "entry_point": "zamb",
                            "environment_variables.%": "4",
                            "environment_variables.ip": "35.205.202.32",
                            "environment_variables.ip_redis": "35.205.212.224",
                            "environment_variables.user_name": "main_admin",
                            "environment_variables.user_pass": "abc123",
                            "event_trigger.#": "0",
                            "https_trigger_url": "https://europe-west1-metal-mariner-235316.cloudfunctions.net/zamb",
                            "id": "metal-mariner-235316/europe-west1/zamb",
                            "labels.%": "0",
                            "name": "zamb",
                            "project": "metal-mariner-235316",
                            "region": "europe-west1",
                            "runtime": "python37",
                            "service_account_email": "metal-mariner-235316@appspot.gserviceaccount.com",
                            "source_archive_bucket": "jnjnjnjnj2211",
                            "source_archive_object": "zamb.zip",
                            "source_repository.#": "0",
                            "timeout": "60",
                            "trigger_http": "true"
                        },
                        "meta": {
                            "e2bfb730-ecaa-11e6-8f88-34363bc7c4c0": {
                                "create": 300000000000,
                                "delete": 300000000000,
                                "read": 300000000000
                            }
                        },
                        "tainted": false
                    },
                    "deposed": [],
                    "provider": "module.functions.provider.google"
                },
                "google_pubsub_topic.topic1": {
                    "type": "google_pubsub_topic",
                    "depends_on": [],
                    "primary": {
                        "id": "projects/metal-mariner-235316/topics/topic1",
                        "attributes": {
                            "id": "projects/metal-mariner-235316/topics/topic1",
                            "labels.%": "0",
                            "name": "topic1",
                            "project": "metal-mariner-235316"
                        },
                        "meta": {
                            "e2bfb730-ecaa-11e6-8f88-34363bc7c4c0": {
                                "create": 240000000000,
                                "delete": 240000000000
                            }
                        },
                        "tainted": false
                    },
                    "deposed": [],
                    "provider": "module.functions.provider.google"
                },
                "google_pubsub_topic.topic2": {
                    "type": "google_pubsub_topic",
                    "depends_on": [],
                    "primary": {
                        "id": "projects/metal-mariner-235316/topics/topic2",
                        "attributes": {
                            "id": "projects/metal-mariner-235316/topics/topic2",
                            "labels.%": "0",
                            "name": "topic2",
                            "project": "metal-mariner-235316"
                        },
                        "meta": {
                            "e2bfb730-ecaa-11e6-8f88-34363bc7c4c0": {
                                "create": 240000000000,
                                "delete": 240000000000
                            }
                        },
                        "tainted": false
                    },
                    "deposed": [],
                    "provider": "module.functions.provider.google"
                },
                "google_pubsub_topic.topic3": {
                    "type": "google_pubsub_topic",
                    "depends_on": [],
                    "primary": {
                        "id": "projects/metal-mariner-235316/topics/topic3",
                        "attributes": {
                            "id": "projects/metal-mariner-235316/topics/topic3",
                            "labels.%": "0",
                            "name": "topic3",
                            "project": "metal-mariner-235316"
                        },
                        "meta": {
                            "e2bfb730-ecaa-11e6-8f88-34363bc7c4c0": {
                                "create": 240000000000,
                                "delete": 240000000000
                            }
                        },
                        "tainted": false
                    },
                    "deposed": [],
                    "provider": "module.functions.provider.google"
                },
                "google_storage_bucket.bucket": {
                    "type": "google_storage_bucket",
                    "depends_on": [],
                    "primary": {
                        "id": "jnjnjnjnj2211",
                        "attributes": {
                            "cors.#": "0",
                            "encryption.#": "0",
                            "force_destroy": "false",
                            "id": "jnjnjnjnj2211",
                            "labels.%": "0",
                            "lifecycle_rule.#": "0",
                            "location": "EU",
                            "logging.#": "0",
                            "name": "jnjnjnjnj2211",
                            "project": "metal-mariner-235316",
                            "requester_pays": "false",
                            "self_link": "https://www.googleapis.com/storage/v1/b/jnjnjnjnj2211",
                            "storage_class": "STANDARD",
                            "url": "gs://jnjnjnjnj2211",
                            "versioning.#": "0"
                        },
                        "meta": {},
                        "tainted": false
                    },
                    "deposed": [],
                    "provider": "module.functions.provider.google"
                },
                "google_storage_bucket_object.app": {
                    "type": "google_storage_bucket_object",
                    "depends_on": [
                        "google_storage_bucket.bucket"
                    ],
                    "primary": {
                        "id": "jnjnjnjnj2211-app.zip",
                        "attributes": {
                            "bucket": "jnjnjnjnj2211",
                            "cache_control": "",
                            "content_disposition": "",
                            "content_encoding": "",
                            "content_language": "",
                            "content_type": "application/zip",
                            "crc32c": "7Z6jJA==",
                            "detect_md5hash": "8QcqVVaKzupjdw17j7ad+g==",
                            "id": "jnjnjnjnj2211-app.zip",
                            "md5hash": "8QcqVVaKzupjdw17j7ad+g==",
                            "name": "app.zip",
                            "output_name": "app.zip",
                            "self_link": "https://www.googleapis.com/storage/v1/b/jnjnjnjnj2211/o/app.zip",
                            "source": "./functions/app.zip",
                            "storage_class": "STANDARD"
                        },
                        "meta": {},
                        "tainted": false
                    },
                    "deposed": [],
                    "provider": "module.functions.provider.google"
                },
                "google_storage_bucket_object.current-temp": {
                    "type": "google_storage_bucket_object",
                    "depends_on": [
                        "google_storage_bucket.bucket"
                    ],
                    "primary": {
                        "id": "jnjnjnjnj2211-current-temp.zip",
                        "attributes": {
                            "bucket": "jnjnjnjnj2211",
                            "cache_control": "",
                            "content_disposition": "",
                            "content_encoding": "",
                            "content_language": "",
                            "content_type": "application/zip",
                            "crc32c": "6O2mMA==",
                            "detect_md5hash": "xy2+rGbnP5RtDgzNmkZ3Kw==",
                            "id": "jnjnjnjnj2211-current-temp.zip",
                            "md5hash": "xy2+rGbnP5RtDgzNmkZ3Kw==",
                            "name": "current-temp.zip",
                            "output_name": "current-temp.zip",
                            "self_link": "https://www.googleapis.com/storage/v1/b/jnjnjnjnj2211/o/current-temp.zip",
                            "source": "./functions/current-temp.zip",
                            "storage_class": "STANDARD"
                        },
                        "meta": {},
                        "tainted": false
                    },
                    "deposed": [],
                    "provider": "module.functions.provider.google"
                },
                "google_storage_bucket_object.db": {
                    "type": "google_storage_bucket_object",
                    "depends_on": [
                        "google_storage_bucket.bucket"
                    ],
                    "primary": {
                        "id": "jnjnjnjnj2211-save-to-db.zip",
                        "attributes": {
                            "bucket": "jnjnjnjnj2211",
                            "cache_control": "",
                            "content_disposition": "",
                            "content_encoding": "",
                            "content_language": "",
                            "content_type": "application/zip",
                            "crc32c": "QeMH4g==",
                            "detect_md5hash": "akgUFbDSmNMESGuZPtdJhQ==",
                            "id": "jnjnjnjnj2211-save-to-db.zip",
                            "md5hash": "akgUFbDSmNMESGuZPtdJhQ==",
                            "name": "save-to-db.zip",
                            "output_name": "save-to-db.zip",
                            "self_link": "https://www.googleapis.com/storage/v1/b/jnjnjnjnj2211/o/save-to-db.zip",
                            "source": "./functions/save-to-db.zip",
                            "storage_class": "STANDARD"
                        },
                        "meta": {},
                        "tainted": false
                    },
                    "deposed": [],
                    "provider": "module.functions.provider.google"
                },
                "google_storage_bucket_object.get-from-db": {
                    "type": "google_storage_bucket_object",
                    "depends_on": [
                        "google_storage_bucket.bucket"
                    ],
                    "primary": {
                        "id": "jnjnjnjnj2211-get-from-db.zip",
                        "attributes": {
                            "bucket": "jnjnjnjnj2211",
                            "cache_control": "",
                            "content_disposition": "",
                            "content_encoding": "",
                            "content_language": "",
                            "content_type": "application/zip",
                            "crc32c": "pZK9JA==",
                            "detect_md5hash": "fabCLJ+gLMyiYnH8jJMFXg==",
                            "id": "jnjnjnjnj2211-get-from-db.zip",
                            "md5hash": "fabCLJ+gLMyiYnH8jJMFXg==",
                            "name": "get-from-db.zip",
                            "output_name": "get-from-db.zip",
                            "self_link": "https://www.googleapis.com/storage/v1/b/jnjnjnjnj2211/o/get-from-db.zip",
                            "source": "./functions/get-from-db.zip",
                            "storage_class": "STANDARD"
                        },
                        "meta": {},
                        "tainted": false
                    },
                    "deposed": [],
                    "provider": "module.functions.provider.google"
                },
                "google_storage_bucket_object.to-zamb": {
                    "type": "google_storage_bucket_object",
                    "depends_on": [
                        "google_storage_bucket.bucket"
                    ],
                    "primary": {
                        "id": "jnjnjnjnj2211-to-zamb.zip",
                        "attributes": {
                            "bucket": "jnjnjnjnj2211",
                            "cache_control": "",
                            "content_disposition": "",
                            "content_encoding": "",
                            "content_language": "",
                            "content_type": "application/zip",
                            "crc32c": "qMJVJw==",
                            "detect_md5hash": "cGhfGFSNioHzuTrxqC9Lgg==",
                            "id": "jnjnjnjnj2211-to-zamb.zip",
                            "md5hash": "cGhfGFSNioHzuTrxqC9Lgg==",
                            "name": "to-zamb.zip",
                            "output_name": "to-zamb.zip",
                            "self_link": "https://www.googleapis.com/storage/v1/b/jnjnjnjnj2211/o/to-zamb.zip",
                            "source": "./functions/to-zamb.zip",
                            "storage_class": "STANDARD"
                        },
                        "meta": {},
                        "tainted": false
                    },
                    "deposed": [],
                    "provider": "module.functions.provider.google"
                },
                "google_storage_bucket_object.zamb": {
                    "type": "google_storage_bucket_object",
                    "depends_on": [
                        "google_storage_bucket.bucket"
                    ],
                    "primary": {
                        "id": "jnjnjnjnj2211-zamb.zip",
                        "attributes": {
                            "bucket": "jnjnjnjnj2211",
                            "cache_control": "",
                            "content_disposition": "",
                            "content_encoding": "",
                            "content_language": "",
                            "content_type": "application/zip",
                            "crc32c": "Xl06Pw==",
                            "detect_md5hash": "igXcZlHyu4oz8XJ1Kr4ApA==",
                            "id": "jnjnjnjnj2211-zamb.zip",
                            "md5hash": "igXcZlHyu4oz8XJ1Kr4ApA==",
                            "name": "zamb.zip",
                            "output_name": "zamb.zip",
                            "self_link": "https://www.googleapis.com/storage/v1/b/jnjnjnjnj2211/o/zamb.zip",
                            "source": "./functions/zamb.zip",
                            "storage_class": "STANDARD"
                        },
                        "meta": {},
                        "tainted": false
                    },
                    "deposed": [],
                    "provider": "module.functions.provider.google"
                }
            },
            "depends_on": []
        },
        {
            "path": [
                "root",
                "gke"
            ],
            "outputs": {
                "client_certificate": {
                    "sensitive": true,
                    "type": "string",
                    "value": "LS0tLS1CRUdJTiBDRVJUSUZJQ0FURS0tLS0tCk1JSUMyekNDQWNPZ0F3SUJBZ0lSQUxXQTZLUlZrMTBUd0pINjhnSGxWR0F3RFFZSktvWklodmNOQVFFTEJRQXcKTHpFdE1Dc0dBMVVFQXhNa05USTNZVEF4TkRRdE1qVmhPUzAwTTJabExUazNNekV0WlRsak1XUXhOalF4WWpOagpNQjRYRFRFNU1EUXhNVEUzTXpNeE5Gb1hEVEkwTURRd09URTNNek14TkZvd0VURVBNQTBHQTFVRUF4TUdZMnhwClpXNTBNSUlCSWpBTkJna3Foa2lHOXcwQkFRRUZBQU9DQVE4QU1JSUJDZ0tDQVFFQW9UUTdHbTUwWFloZlp5VnUKR3cvbUVZS05GZU44UTI3aWtjbHAvTUNOMjQwR2E2UjFIWlFFSzgzaUY2K3VYUUs0eFc2M0Q3TW53Q3RyMnBYUAo0cWFMeDN3WW9LbmpPMzJOcGlGc0hvSy9tU3pacVg5MHlxcGZlaVNTWDRrNkV4ekplMFV4eWVqdzRMSm1xaGxKCi90UjUrcllreGladTlhMHEzY0NtM1YxbHhnd3pXa2dhNnlEUkxEckVHbzFVYk9Fa0JVeHNzZzJPdzNlSWxTTmIKbWdkZnBwQnlwNWpYcS9yZENRNzRmb084cWpoZFlWcXk0TkhINzA5bndqM1pyRXB0LzRVREYxTm1DaThtUDV3MQoxajJmWE1HS1JRcWxOOEdpN3F2dEhSK0VEaklFMngvMzNSaFE4NzlNSVErMVdvN05wK1ZoT0cwRzhPTlppN1c2CnNyVmFDd0lEQVFBQm94QXdEakFNQmdOVkhSTUJBZjhFQWpBQU1BMEdDU3FHU0liM0RRRUJDd1VBQTRJQkFRQ2EKUHVwWTNZdTRRYnlBeTJ2Wkovemc1dkNiaXh4ckc2dGh4SURUUVIxbWowTG5jcUp4dlBCeDk2aCtVZTZGNVZEaApzNGJ1Y3VOYTdNckpQaTVQeXcyM3JMeThXcExOc2I3cW5qY00yaHoyaEN6WjB6L0lRYWE1NUx4Qk95N0FsVzhSCkxsOE0zY2Q0T0pVNmIzSk9zTkIyZUJhNTQzN25QRHc3U3hQbmh6Lzh3eXhhMlFkSUlXeXg4emRaWGsvUUpVSjAKbC9LUDlYZkRaN1JYaGJSNitPMWtrS0ptbTd2TGh6SVQ2M1kza1Y1aEJFa2tVZFRzU2FBaWltSXl2bTIzcVVzNQpveHg2MFBpalNtZkgvV3NnT0ZvVUlDRkFna2pGME8wVE9XaWEyWEltd3hHdVpSWTI5SnR3czBEWWh6aXJnbGhnCjBiRmdObVNMaDlYTkg0VGVkeHAyCi0tLS0tRU5EIENFUlRJRklDQVRFLS0tLS0K"
                },
                "client_key": {
                    "sensitive": true,
                    "type": "string",
                    "value": "LS0tLS1CRUdJTiBSU0EgUFJJVkFURSBLRVktLS0tLQpNSUlFcFFJQkFBS0NBUUVBb1RRN0dtNTBYWWhmWnlWdUd3L21FWUtORmVOOFEyN2lrY2xwL01DTjI0MEdhNlIxCkhaUUVLODNpRjYrdVhRSzR4VzYzRDdNbndDdHIycFhQNHFhTHgzd1lvS25qTzMyTnBpRnNIb0svbVN6WnFYOTAKeXFwZmVpU1NYNGs2RXh6SmUwVXh5ZWp3NExKbXFobEovdFI1K3JZa3hpWnU5YTBxM2NDbTNWMWx4Z3d6V2tnYQo2eURSTERyRUdvMVViT0VrQlV4c3NnMk93M2VJbFNOYm1nZGZwcEJ5cDVqWHEvcmRDUTc0Zm9POHFqaGRZVnF5CjROSEg3MDlud2ozWnJFcHQvNFVERjFObUNpOG1QNXcxMWoyZlhNR0tSUXFsTjhHaTdxdnRIUitFRGpJRTJ4LzMKM1JoUTg3OU1JUSsxV283TnArVmhPRzBHOE9OWmk3VzZzclZhQ3dJREFRQUJBb0lCQUJrdmJ0aDNUMGpacUlZVgo2L2pnYUFKdVVocU1XdnF5RlVYUG9QWnpJdmFkTnRhVWNCTzU3MWprcHFFcXVtUWZxN3gweXJieU41Q25lQWRECmhxSVRnUjBlZno2Q3JGUzhEZWhacW1tdDViOUpxWXY0dE1lQkRMK3BmUkRlQUt2QndKeTR0OG1pMGhkWTUvOUYKU2pFOUF2MnZmVmxUNGR3U1BQTStTUk9tcHVMay96bDQ1ZEk2WDdUUWxIZ2JzcTAvKzlwRUNmUG54OWo1RUxsZQpzaWx6VnF4NTZyU3d6cDhUMHRJNVE0NWhnTkVuSXJBSTE1dXZqeEdNUVFvcExKbm9DTFNNdXlheHpWZ0IvYXErCnMvclNqbXlYYUIrU3FoZzJ5YnhsVzB4eDdSK0dsOHVQU0pmdHdWWktvK29WTVJZWW1qaTVId0k1WWZQMEIwMDkKYTZ0U2xZRUNnWUVBNHFJZ3NxWEp3Z2dLQlRMb0ZoUHI5VmtFTFE1OG4rTmFqeUpmK0g5UlZkREJMWHQ3Nlo4WQo0ckZ3c0o4OGpnWkJpL0ZyMmVwU0NBNDBvR3V6UmtlYXlyaEJVUjN4VWIxck5rMzJBQXlNblI3U0toTHVVeThWCnNZYnk3U0pod0ZjS25QWUtxbStjU1dhREZXM3lvbEExUDBGSXlkSTBxREE3czdHNVlpTnMzRUVDZ1lFQXRoZXYKYWNyNUp0QmdCS3RpcXR3QkIrbTNSMnFFYWI1Y3NDNGxZaWFNdXpVSGVKeTJEK0dxMlp6bDNrVlB3TW5ScXlFVwpTUWtmSlcvQ3JpemJYVllFemtzQS93VmlyYXRxajhxSlE2QkdKR1ErTnpFM1FhS2p2bElSZDFpWVJZcTA2V0R4CmZzQ1BFeUJzMXBqaUk2OVMzMmFObUwyazJlNWlnbjNJbmo5NEUwc0NnWUVBd3BqMXZJL3dZc1BtWHJwc1gvQ3gKTGRWR2FhM0R3c0pFVXh6d0RQNjloeE1kbklFb1Q5eUZVTG1OaW9yZ1F3OEtIekNvSzlBd3Fhd1E4aUlvS0ZONQpqVkdTL0NUYXZoWUlSZlBCSkIraWFaTTZZRmdxL1pBemIyRHhuRDVtY3ZJS01lWnVHQlNIdk5yaCtYZVQzRjFFCnExRFNRRUZYWjRjcTdFdlJZM3dKa0VFQ2dZRUFyekpFcklZRWlDcXVaMis2UStmZStnME5NU0l6K2tXVWlsSXIKMTY1OWN0Vkh0ZTBaWWxoZWVIZHoxeEphOUlONVBxeGI4N05hQ3p2blZJdUdGOXhlVFZsdXdPOGVqVGZERkV2cgpHMnpHYjljZTRSMXlLNjFlM0F1OEVGYm1VdXBzdTZweFQrSFhCckVJNXNRN3Q5ZkU1WHFYTytFakRpZEZFb1lSCkV1akFEOWNDZ1lFQXFSSGhUdHVFUUxJcXUyUDlsT3FEbGErUWpqNUlzZWQrek5OdzhwaFpaUUZHTkVsdXJiT2QKdnFMa3RQYmRodldMVHVuUmJyZmNJNFA0UHdVak1seG96THZXd0FPRjZXSGdwdGZXUTJEaEozMmE4YjJ2T3JrbAo0dnUyRlRlaHBmaTM1OUlSdWYwZzcySW16TFlqekxRdDZRWVdPZXFEaXJieUZveHptM2k4K2MwPQotLS0tLUVORCBSU0EgUFJJVkFURSBLRVktLS0tLQo="
                },
                "cluster_ca_certificate": {
                    "sensitive": true,
                    "type": "string",
                    "value": "LS0tLS1CRUdJTiBDRVJUSUZJQ0FURS0tLS0tCk1JSURERENDQWZTZ0F3SUJBZ0lSQU9Td2dGd2ZHOEtpSFBLbFZRdmZrUHN3RFFZSktvWklodmNOQVFFTEJRQXcKTHpFdE1Dc0dBMVVFQXhNa05USTNZVEF4TkRRdE1qVmhPUzAwTTJabExUazNNekV0WlRsak1XUXhOalF4WWpOagpNQjRYRFRFNU1EUXhNVEUyTXpNeE1sb1hEVEkwTURRd09URTNNek14TWxvd0x6RXRNQ3NHQTFVRUF4TWtOVEkzCllUQXhORFF0TWpWaE9TMDBNMlpsTFRrM016RXRaVGxqTVdReE5qUXhZak5qTUlJQklqQU5CZ2txaGtpRzl3MEIKQVFFRkFBT0NBUThBTUlJQkNnS0NBUUVBdlNQN0p5dTF3ZU1HWSszbWZOWW5uVFdOQWN2c1hMdWpmeks2YUNPRQpkemtjemRUUVMwWEp6Qk9aLzV1RlNzSXJ0TDBack0zRFlTVEVmWDhidXpsOHRVVlVDSFFuTmw5ai9adnRXbHJsCkc5K3pzTnVXUExxYjhqWElxSG52eThoRE90TGtnUXBZd1lZUHo3UGJJME95Kzh5RmNvU0VocFJGdkpXZTRnd2IKb1Q5eUw0YzBFQnRMUU9pN0NwbXNGeVZUa0ltazJDYXFJNDQ1ZmdNaUNoWVR1WWdqOU1PdlZtMmtyb2d0Q0F2NQpTb0dvTnlMTjlOYjNvUWx6UVAxc0lqU2J6bDJkdGF0dGZKdStubE1Cd24vdWs1bzYyVTdLQWxWd3ZQQk5PN2VNCjlvZ3U1SXV0S3hyZXQrVVM5Y2R2Ymg4eEZlRkRzYWRVSWdRZE9uTit4R2Y0V1FJREFRQUJveU13SVRBT0JnTlYKSFE4QkFmOEVCQU1DQWdRd0R3WURWUjBUQVFIL0JBVXdBd0VCL3pBTkJna3Foa2lHOXcwQkFRc0ZBQU9DQVFFQQpxdHMvUXpsVEp6RS9wOFFkVWR4eStiVFNTb01ZRmNxUVI3eVRXbFFiLzNVczkwL3B6OEVKS3dMYkdHOUdkNFdhCk5KRUhZajZPYmRac1JFVHA5Y1ptQnlRRUUrNVBXazM3dXprL3ZUR3J5TnNjS1F5V0I2dHFFaGR0UjFtdkpjTWsKSUVvS3AxRXE3VVl2MXJkTDlpdE5XU091Nlg4M2ZwVzBhNVlGUjBxZHhJRXh1UHRkRythOTNWYVpkYVhkQVFZbQpUVThHcWRITGlETkYzR3VOUVZYbE5mYlU3L0JYc015dU43TjFGVitUdkxTUGU3b3drNmdqczU3NjFlMU9NWC9GCnZYMVllOW1hNldJWmdvczBsRmNQYmNtWmhoK3pUL3NoOWpvcXhpSXJ4MVI1SkI3Y1NrdlZXZ05raTVQd2JhUW4KQ0Z1UFZ4KzAwekZqRnRQUU1IK1Nwdz09Ci0tLS0tRU5EIENFUlRJRklDQVRFLS0tLS0K"
                },
                "host": {
                    "sensitive": true,
                    "type": "string",
                    "value": "35.195.155.0"
                }
            },
            "resources": {
                "google_container_cluster.mongodb": {
                    "type": "google_container_cluster",
                    "depends_on": [],
                    "primary": {
                        "id": "mongodb",
                        "attributes": {
                            "additional_zones.#": "3",
                            "additional_zones.2344402622": "europe-west1-c",
                            "additional_zones.2460454911": "europe-west1-b",
                            "additional_zones.3304925305": "europe-west1-d",
                            "addons_config.#": "1",
                            "addons_config.0.horizontal_pod_autoscaling.#": "0",
                            "addons_config.0.http_load_balancing.#": "0",
                            "addons_config.0.kubernetes_dashboard.#": "1",
                            "addons_config.0.kubernetes_dashboard.0.disabled": "true",
                            "addons_config.0.network_policy_config.#": "1",
                            "addons_config.0.network_policy_config.0.disabled": "true",
                            "cluster_autoscaling.#": "0",
                            "cluster_ipv4_cidr": "10.32.0.0/14",
                            "description": "",
                            "enable_kubernetes_alpha": "false",
                            "enable_legacy_abac": "false",
                            "endpoint": "35.195.155.0",
                            "id": "mongodb",
                            "initial_node_count": "1",
                            "instance_group_urls.#": "3",
                            "instance_group_urls.0": "https://www.googleapis.com/compute/v1/projects/metal-mariner-235316/zones/europe-west1-c/instanceGroups/gke-mongodb-default-pool-191fc878-grp",
                            "instance_group_urls.1": "https://www.googleapis.com/compute/v1/projects/metal-mariner-235316/zones/europe-west1-d/instanceGroups/gke-mongodb-default-pool-c105930e-grp",
                            "instance_group_urls.2": "https://www.googleapis.com/compute/v1/projects/metal-mariner-235316/zones/europe-west1-b/instanceGroups/gke-mongodb-default-pool-a9c6a964-grp",
                            "ip_allocation_policy.#": "0",
                            "location": "europe-west1",
                            "logging_service": "logging.googleapis.com",
                            "maintenance_policy.#": "0",
                            "master_auth.#": "1",
                            "master_auth.0.client_certificate": "LS0tLS1CRUdJTiBDRVJUSUZJQ0FURS0tLS0tCk1JSUMyekNDQWNPZ0F3SUJBZ0lSQUxXQTZLUlZrMTBUd0pINjhnSGxWR0F3RFFZSktvWklodmNOQVFFTEJRQXcKTHpFdE1Dc0dBMVVFQXhNa05USTNZVEF4TkRRdE1qVmhPUzAwTTJabExUazNNekV0WlRsak1XUXhOalF4WWpOagpNQjRYRFRFNU1EUXhNVEUzTXpNeE5Gb1hEVEkwTURRd09URTNNek14TkZvd0VURVBNQTBHQTFVRUF4TUdZMnhwClpXNTBNSUlCSWpBTkJna3Foa2lHOXcwQkFRRUZBQU9DQVE4QU1JSUJDZ0tDQVFFQW9UUTdHbTUwWFloZlp5VnUKR3cvbUVZS05GZU44UTI3aWtjbHAvTUNOMjQwR2E2UjFIWlFFSzgzaUY2K3VYUUs0eFc2M0Q3TW53Q3RyMnBYUAo0cWFMeDN3WW9LbmpPMzJOcGlGc0hvSy9tU3pacVg5MHlxcGZlaVNTWDRrNkV4ekplMFV4eWVqdzRMSm1xaGxKCi90UjUrcllreGladTlhMHEzY0NtM1YxbHhnd3pXa2dhNnlEUkxEckVHbzFVYk9Fa0JVeHNzZzJPdzNlSWxTTmIKbWdkZnBwQnlwNWpYcS9yZENRNzRmb084cWpoZFlWcXk0TkhINzA5bndqM1pyRXB0LzRVREYxTm1DaThtUDV3MQoxajJmWE1HS1JRcWxOOEdpN3F2dEhSK0VEaklFMngvMzNSaFE4NzlNSVErMVdvN05wK1ZoT0cwRzhPTlppN1c2CnNyVmFDd0lEQVFBQm94QXdEakFNQmdOVkhSTUJBZjhFQWpBQU1BMEdDU3FHU0liM0RRRUJDd1VBQTRJQkFRQ2EKUHVwWTNZdTRRYnlBeTJ2Wkovemc1dkNiaXh4ckc2dGh4SURUUVIxbWowTG5jcUp4dlBCeDk2aCtVZTZGNVZEaApzNGJ1Y3VOYTdNckpQaTVQeXcyM3JMeThXcExOc2I3cW5qY00yaHoyaEN6WjB6L0lRYWE1NUx4Qk95N0FsVzhSCkxsOE0zY2Q0T0pVNmIzSk9zTkIyZUJhNTQzN25QRHc3U3hQbmh6Lzh3eXhhMlFkSUlXeXg4emRaWGsvUUpVSjAKbC9LUDlYZkRaN1JYaGJSNitPMWtrS0ptbTd2TGh6SVQ2M1kza1Y1aEJFa2tVZFRzU2FBaWltSXl2bTIzcVVzNQpveHg2MFBpalNtZkgvV3NnT0ZvVUlDRkFna2pGME8wVE9XaWEyWEltd3hHdVpSWTI5SnR3czBEWWh6aXJnbGhnCjBiRmdObVNMaDlYTkg0VGVkeHAyCi0tLS0tRU5EIENFUlRJRklDQVRFLS0tLS0K",
                            "master_auth.0.client_certificate_config.#": "0",
                            "master_auth.0.client_key": "LS0tLS1CRUdJTiBSU0EgUFJJVkFURSBLRVktLS0tLQpNSUlFcFFJQkFBS0NBUUVBb1RRN0dtNTBYWWhmWnlWdUd3L21FWUtORmVOOFEyN2lrY2xwL01DTjI0MEdhNlIxCkhaUUVLODNpRjYrdVhRSzR4VzYzRDdNbndDdHIycFhQNHFhTHgzd1lvS25qTzMyTnBpRnNIb0svbVN6WnFYOTAKeXFwZmVpU1NYNGs2RXh6SmUwVXh5ZWp3NExKbXFobEovdFI1K3JZa3hpWnU5YTBxM2NDbTNWMWx4Z3d6V2tnYQo2eURSTERyRUdvMVViT0VrQlV4c3NnMk93M2VJbFNOYm1nZGZwcEJ5cDVqWHEvcmRDUTc0Zm9POHFqaGRZVnF5CjROSEg3MDlud2ozWnJFcHQvNFVERjFObUNpOG1QNXcxMWoyZlhNR0tSUXFsTjhHaTdxdnRIUitFRGpJRTJ4LzMKM1JoUTg3OU1JUSsxV283TnArVmhPRzBHOE9OWmk3VzZzclZhQ3dJREFRQUJBb0lCQUJrdmJ0aDNUMGpacUlZVgo2L2pnYUFKdVVocU1XdnF5RlVYUG9QWnpJdmFkTnRhVWNCTzU3MWprcHFFcXVtUWZxN3gweXJieU41Q25lQWRECmhxSVRnUjBlZno2Q3JGUzhEZWhacW1tdDViOUpxWXY0dE1lQkRMK3BmUkRlQUt2QndKeTR0OG1pMGhkWTUvOUYKU2pFOUF2MnZmVmxUNGR3U1BQTStTUk9tcHVMay96bDQ1ZEk2WDdUUWxIZ2JzcTAvKzlwRUNmUG54OWo1RUxsZQpzaWx6VnF4NTZyU3d6cDhUMHRJNVE0NWhnTkVuSXJBSTE1dXZqeEdNUVFvcExKbm9DTFNNdXlheHpWZ0IvYXErCnMvclNqbXlYYUIrU3FoZzJ5YnhsVzB4eDdSK0dsOHVQU0pmdHdWWktvK29WTVJZWW1qaTVId0k1WWZQMEIwMDkKYTZ0U2xZRUNnWUVBNHFJZ3NxWEp3Z2dLQlRMb0ZoUHI5VmtFTFE1OG4rTmFqeUpmK0g5UlZkREJMWHQ3Nlo4WQo0ckZ3c0o4OGpnWkJpL0ZyMmVwU0NBNDBvR3V6UmtlYXlyaEJVUjN4VWIxck5rMzJBQXlNblI3U0toTHVVeThWCnNZYnk3U0pod0ZjS25QWUtxbStjU1dhREZXM3lvbEExUDBGSXlkSTBxREE3czdHNVlpTnMzRUVDZ1lFQXRoZXYKYWNyNUp0QmdCS3RpcXR3QkIrbTNSMnFFYWI1Y3NDNGxZaWFNdXpVSGVKeTJEK0dxMlp6bDNrVlB3TW5ScXlFVwpTUWtmSlcvQ3JpemJYVllFemtzQS93VmlyYXRxajhxSlE2QkdKR1ErTnpFM1FhS2p2bElSZDFpWVJZcTA2V0R4CmZzQ1BFeUJzMXBqaUk2OVMzMmFObUwyazJlNWlnbjNJbmo5NEUwc0NnWUVBd3BqMXZJL3dZc1BtWHJwc1gvQ3gKTGRWR2FhM0R3c0pFVXh6d0RQNjloeE1kbklFb1Q5eUZVTG1OaW9yZ1F3OEtIekNvSzlBd3Fhd1E4aUlvS0ZONQpqVkdTL0NUYXZoWUlSZlBCSkIraWFaTTZZRmdxL1pBemIyRHhuRDVtY3ZJS01lWnVHQlNIdk5yaCtYZVQzRjFFCnExRFNRRUZYWjRjcTdFdlJZM3dKa0VFQ2dZRUFyekpFcklZRWlDcXVaMis2UStmZStnME5NU0l6K2tXVWlsSXIKMTY1OWN0Vkh0ZTBaWWxoZWVIZHoxeEphOUlONVBxeGI4N05hQ3p2blZJdUdGOXhlVFZsdXdPOGVqVGZERkV2cgpHMnpHYjljZTRSMXlLNjFlM0F1OEVGYm1VdXBzdTZweFQrSFhCckVJNXNRN3Q5ZkU1WHFYTytFakRpZEZFb1lSCkV1akFEOWNDZ1lFQXFSSGhUdHVFUUxJcXUyUDlsT3FEbGErUWpqNUlzZWQrek5OdzhwaFpaUUZHTkVsdXJiT2QKdnFMa3RQYmRodldMVHVuUmJyZmNJNFA0UHdVak1seG96THZXd0FPRjZXSGdwdGZXUTJEaEozMmE4YjJ2T3JrbAo0dnUyRlRlaHBmaTM1OUlSdWYwZzcySW16TFlqekxRdDZRWVdPZXFEaXJieUZveHptM2k4K2MwPQotLS0tLUVORCBSU0EgUFJJVkFURSBLRVktLS0tLQo=",
                            "master_auth.0.cluster_ca_certificate": "LS0tLS1CRUdJTiBDRVJUSUZJQ0FURS0tLS0tCk1JSURERENDQWZTZ0F3SUJBZ0lSQU9Td2dGd2ZHOEtpSFBLbFZRdmZrUHN3RFFZSktvWklodmNOQVFFTEJRQXcKTHpFdE1Dc0dBMVVFQXhNa05USTNZVEF4TkRRdE1qVmhPUzAwTTJabExUazNNekV0WlRsak1XUXhOalF4WWpOagpNQjRYRFRFNU1EUXhNVEUyTXpNeE1sb1hEVEkwTURRd09URTNNek14TWxvd0x6RXRNQ3NHQTFVRUF4TWtOVEkzCllUQXhORFF0TWpWaE9TMDBNMlpsTFRrM016RXRaVGxqTVdReE5qUXhZak5qTUlJQklqQU5CZ2txaGtpRzl3MEIKQVFFRkFBT0NBUThBTUlJQkNnS0NBUUVBdlNQN0p5dTF3ZU1HWSszbWZOWW5uVFdOQWN2c1hMdWpmeks2YUNPRQpkemtjemRUUVMwWEp6Qk9aLzV1RlNzSXJ0TDBack0zRFlTVEVmWDhidXpsOHRVVlVDSFFuTmw5ai9adnRXbHJsCkc5K3pzTnVXUExxYjhqWElxSG52eThoRE90TGtnUXBZd1lZUHo3UGJJME95Kzh5RmNvU0VocFJGdkpXZTRnd2IKb1Q5eUw0YzBFQnRMUU9pN0NwbXNGeVZUa0ltazJDYXFJNDQ1ZmdNaUNoWVR1WWdqOU1PdlZtMmtyb2d0Q0F2NQpTb0dvTnlMTjlOYjNvUWx6UVAxc0lqU2J6bDJkdGF0dGZKdStubE1Cd24vdWs1bzYyVTdLQWxWd3ZQQk5PN2VNCjlvZ3U1SXV0S3hyZXQrVVM5Y2R2Ymg4eEZlRkRzYWRVSWdRZE9uTit4R2Y0V1FJREFRQUJveU13SVRBT0JnTlYKSFE4QkFmOEVCQU1DQWdRd0R3WURWUjBUQVFIL0JBVXdBd0VCL3pBTkJna3Foa2lHOXcwQkFRc0ZBQU9DQVFFQQpxdHMvUXpsVEp6RS9wOFFkVWR4eStiVFNTb01ZRmNxUVI3eVRXbFFiLzNVczkwL3B6OEVKS3dMYkdHOUdkNFdhCk5KRUhZajZPYmRac1JFVHA5Y1ptQnlRRUUrNVBXazM3dXprL3ZUR3J5TnNjS1F5V0I2dHFFaGR0UjFtdkpjTWsKSUVvS3AxRXE3VVl2MXJkTDlpdE5XU091Nlg4M2ZwVzBhNVlGUjBxZHhJRXh1UHRkRythOTNWYVpkYVhkQVFZbQpUVThHcWRITGlETkYzR3VOUVZYbE5mYlU3L0JYc015dU43TjFGVitUdkxTUGU3b3drNmdqczU3NjFlMU9NWC9GCnZYMVllOW1hNldJWmdvczBsRmNQYmNtWmhoK3pUL3NoOWpvcXhpSXJ4MVI1SkI3Y1NrdlZXZ05raTVQd2JhUW4KQ0Z1UFZ4KzAwekZqRnRQUU1IK1Nwdz09Ci0tLS0tRU5EIENFUlRJRklDQVRFLS0tLS0K",
                            "master_auth.0.password": "xxxxxxxxxxxxxx16",
                            "master_auth.0.username": "admin",
                            "master_authorized_networks_config.#": "0",
                            "master_version": "1.11.7-gke.12",
                            "monitoring_service": "monitoring.googleapis.com",
                            "name": "mongodb",
                            "network": "projects/metal-mariner-235316/global/networks/default",
                            "network_policy.#": "1",
                            "network_policy.0.enabled": "false",
                            "network_policy.0.provider": "PROVIDER_UNSPECIFIED",
                            "node_config.#": "1",
                            "node_config.0.disk_size_gb": "100",
                            "node_config.0.disk_type": "pd-standard",
                            "node_config.0.guest_accelerator.#": "0",
                            "node_config.0.image_type": "COS",
                            "node_config.0.labels.%": "0",
                            "node_config.0.local_ssd_count": "0",
                            "node_config.0.machine_type": "n1-standard-1",
                            "node_config.0.metadata.%": "0",
                            "node_config.0.min_cpu_platform": "",
                            "node_config.0.oauth_scopes.#": "7",
                            "node_config.0.oauth_scopes.1277378754": "https://www.googleapis.com/auth/monitoring",
                            "node_config.0.oauth_scopes.1632638332": "https://www.googleapis.com/auth/devstorage.read_only",
                            "node_config.0.oauth_scopes.172152165": "https://www.googleapis.com/auth/logging.write",
                            "node_config.0.oauth_scopes.299962681": "https://www.googleapis.com/auth/compute",
                            "node_config.0.oauth_scopes.316356861": "https://www.googleapis.com/auth/service.management.readonly",
                            "node_config.0.oauth_scopes.3663490875": "https://www.googleapis.com/auth/servicecontrol",
                            "node_config.0.oauth_scopes.3859019814": "https://www.googleapis.com/auth/trace.append",
                            "node_config.0.preemptible": "false",
                            "node_config.0.service_account": "default",
                            "node_config.0.tags.#": "0",
                            "node_config.0.taint.#": "0",
                            "node_config.0.workload_metadata_config.#": "0",
                            "node_locations.#": "3",
                            "node_locations.2344402622": "europe-west1-c",
                            "node_locations.2460454911": "europe-west1-b",
                            "node_locations.3304925305": "europe-west1-d",
                            "node_pool.#": "1",
                            "node_pool.0.autoscaling.#": "0",
                            "node_pool.0.initial_node_count": "1",
                            "node_pool.0.instance_group_urls.#": "3",
                            "node_pool.0.instance_group_urls.0": "https://www.googleapis.com/compute/v1/projects/metal-mariner-235316/zones/europe-west1-c/instanceGroupManagers/gke-mongodb-default-pool-191fc878-grp",
                            "node_pool.0.instance_group_urls.1": "https://www.googleapis.com/compute/v1/projects/metal-mariner-235316/zones/europe-west1-d/instanceGroupManagers/gke-mongodb-default-pool-c105930e-grp",
                            "node_pool.0.instance_group_urls.2": "https://www.googleapis.com/compute/v1/projects/metal-mariner-235316/zones/europe-west1-b/instanceGroupManagers/gke-mongodb-default-pool-a9c6a964-grp",
                            "node_pool.0.management.#": "1",
                            "node_pool.0.management.0.auto_repair": "false",
                            "node_pool.0.management.0.auto_upgrade": "false",
                            "node_pool.0.max_pods_per_node": "0",
                            "node_pool.0.name": "default-pool",
                            "node_pool.0.name_prefix": "",
                            "node_pool.0.node_config.#": "1",
                            "node_pool.0.node_config.0.disk_size_gb": "100",
                            "node_pool.0.node_config.0.disk_type": "pd-standard",
                            "node_pool.0.node_config.0.guest_accelerator.#": "0",
                            "node_pool.0.node_config.0.image_type": "COS",
                            "node_pool.0.node_config.0.labels.%": "0",
                            "node_pool.0.node_config.0.local_ssd_count": "0",
                            "node_pool.0.node_config.0.machine_type": "n1-standard-1",
                            "node_pool.0.node_config.0.metadata.%": "0",
                            "node_pool.0.node_config.0.min_cpu_platform": "",
                            "node_pool.0.node_config.0.oauth_scopes.#": "7",
                            "node_pool.0.node_config.0.oauth_scopes.1277378754": "https://www.googleapis.com/auth/monitoring",
                            "node_pool.0.node_config.0.oauth_scopes.1632638332": "https://www.googleapis.com/auth/devstorage.read_only",
                            "node_pool.0.node_config.0.oauth_scopes.172152165": "https://www.googleapis.com/auth/logging.write",
                            "node_pool.0.node_config.0.oauth_scopes.299962681": "https://www.googleapis.com/auth/compute",
                            "node_pool.0.node_config.0.oauth_scopes.316356861": "https://www.googleapis.com/auth/service.management.readonly",
                            "node_pool.0.node_config.0.oauth_scopes.3663490875": "https://www.googleapis.com/auth/servicecontrol",
                            "node_pool.0.node_config.0.oauth_scopes.3859019814": "https://www.googleapis.com/auth/trace.append",
                            "node_pool.0.node_config.0.preemptible": "false",
                            "node_pool.0.node_config.0.service_account": "default",
                            "node_pool.0.node_config.0.tags.#": "0",
                            "node_pool.0.node_config.0.taint.#": "0",
                            "node_pool.0.node_config.0.workload_metadata_config.#": "0",
                            "node_pool.0.node_count": "1",
                            "node_pool.0.version": "1.11.7-gke.12",
                            "node_version": "1.11.7-gke.12",
                            "private_cluster_config.#": "0",
                            "project": "metal-mariner-235316",
                            "region": "europe-west1",
                            "resource_labels.%": "0",
                            "subnetwork": "projects/metal-mariner-235316/regions/europe-west1/subnetworks/default"
                        },
                        "meta": {
                            "e2bfb730-ecaa-11e6-8f88-34363bc7c4c0": {
                                "create": 1800000000000,
                                "delete": 1800000000000,
                                "update": 1800000000000
                            },
                            "schema_version": "1"
                        },
                        "tainted": false
                    },
                    "deposed": [],
                    "provider": "module.gke.provider.google"
                }
            },
            "depends_on": []
        },
        {
            "path": [
                "root",
                "jypiter"
            ],
            "outputs": {},
            "resources": {
                "kubernetes_deployment.jupyter-notebook": {
                    "type": "kubernetes_deployment",
                    "depends_on": [],
                    "primary": {
                        "id": "default/jupyter-notebook",
                        "attributes": {
                            "id": "default/jupyter-notebook",
                            "metadata.#": "1",
                            "metadata.0.annotations.%": "0",
                            "metadata.0.generate_name": "",
                            "metadata.0.generation": "2",
                            "metadata.0.labels.%": "3",
                            "metadata.0.labels.app": "jupyter-notebook",
                            "metadata.0.labels.role": "master",
                            "metadata.0.labels.tier": "backend",
                            "metadata.0.name": "jupyter-notebook",
                            "metadata.0.namespace": "default",
                            "metadata.0.resource_version": "4847",
                            "metadata.0.self_link": "/apis/apps/v1/namespaces/default/deployments/jupyter-notebook",
                            "metadata.0.uid": "427377f8-5c80-11e9-be2c-42010a84000e",
                            "spec.#": "1",
                            "spec.0.min_ready_seconds": "0",
                            "spec.0.paused": "false",
                            "spec.0.progress_deadline_seconds": "600",
                            "spec.0.replicas": "1",
                            "spec.0.revision_history_limit": "10",
                            "spec.0.selector.#": "1",
                            "spec.0.selector.0.match_expressions.#": "0",
                            "spec.0.selector.0.match_labels.%": "3",
                            "spec.0.selector.0.match_labels.app": "jupyter-notebook",
                            "spec.0.selector.0.match_labels.role": "master",
                            "spec.0.selector.0.match_labels.tier": "backend",
                            "spec.0.strategy.#": "0",
                            "spec.0.template.#": "1",
                            "spec.0.template.0.metadata.#": "1",
                            "spec.0.template.0.metadata.0.annotations.%": "0",
                            "spec.0.template.0.metadata.0.generate_name": "",
                            "spec.0.template.0.metadata.0.generation": "0",
                            "spec.0.template.0.metadata.0.labels.%": "3",
                            "spec.0.template.0.metadata.0.labels.app": "jupyter-notebook",
                            "spec.0.template.0.metadata.0.labels.role": "master",
                            "spec.0.template.0.metadata.0.labels.tier": "backend",
                            "spec.0.template.0.metadata.0.name": "",
                            "spec.0.template.0.metadata.0.namespace": "default",
                            "spec.0.template.0.metadata.0.resource_version": "",
                            "spec.0.template.0.metadata.0.self_link": "",
                            "spec.0.template.0.metadata.0.uid": "",
                            "spec.0.template.0.spec.#": "1",
                            "spec.0.template.0.spec.0.active_deadline_seconds": "0",
                            "spec.0.template.0.spec.0.container.#": "1",
                            "spec.0.template.0.spec.0.container.0.args.#": "0",
                            "spec.0.template.0.spec.0.container.0.command.#": "0",
                            "spec.0.template.0.spec.0.container.0.env.#": "0",
                            "spec.0.template.0.spec.0.container.0.env_from.#": "0",
                            "spec.0.template.0.spec.0.container.0.image": "jupyter/all-spark-notebook",
                            "spec.0.template.0.spec.0.container.0.image_pull_policy": "Always",
                            "spec.0.template.0.spec.0.container.0.lifecycle.#": "0",
                            "spec.0.template.0.spec.0.container.0.liveness_probe.#": "0",
                            "spec.0.template.0.spec.0.container.0.name": "minimal-notebook",
                            "spec.0.template.0.spec.0.container.0.port.#": "1",
                            "spec.0.template.0.spec.0.container.0.port.0.container_port": "8888",
                            "spec.0.template.0.spec.0.container.0.port.0.host_ip": "",
                            "spec.0.template.0.spec.0.container.0.port.0.host_port": "0",
                            "spec.0.template.0.spec.0.container.0.port.0.name": "",
                            "spec.0.template.0.spec.0.container.0.port.0.protocol": "TCP",
                            "spec.0.template.0.spec.0.container.0.readiness_probe.#": "0",
                            "spec.0.template.0.spec.0.container.0.resources.#": "1",
                            "spec.0.template.0.spec.0.container.0.resources.0.limits.#": "0",
                            "spec.0.template.0.spec.0.container.0.resources.0.requests.#": "1",
                            "spec.0.template.0.spec.0.container.0.resources.0.requests.0.cpu": "100m",
                            "spec.0.template.0.spec.0.container.0.resources.0.requests.0.memory": "100Mi",
                            "spec.0.template.0.spec.0.container.0.security_context.#": "0",
                            "spec.0.template.0.spec.0.container.0.stdin": "false",
                            "spec.0.template.0.spec.0.container.0.stdin_once": "false",
                            "spec.0.template.0.spec.0.container.0.termination_message_path": "/dev/termination-log",
                            "spec.0.template.0.spec.0.container.0.tty": "false",
                            "spec.0.template.0.spec.0.container.0.volume_mount.#": "1",
                            "spec.0.template.0.spec.0.container.0.volume_mount.0.mount_path": "/home/jovyan/work",
                            "spec.0.template.0.spec.0.container.0.volume_mount.0.name": "myfiles",
                            "spec.0.template.0.spec.0.container.0.volume_mount.0.read_only": "false",
                            "spec.0.template.0.spec.0.container.0.volume_mount.0.sub_path": "",
                            "spec.0.template.0.spec.0.container.0.working_dir": "",
                            "spec.0.template.0.spec.0.dns_policy": "ClusterFirst",
                            "spec.0.template.0.spec.0.host_ipc": "false",
                            "spec.0.template.0.spec.0.host_network": "false",
                            "spec.0.template.0.spec.0.host_pid": "false",
                            "spec.0.template.0.spec.0.hostname": "",
                            "spec.0.template.0.spec.0.image_pull_secrets.#": "0",
                            "spec.0.template.0.spec.0.init_container.#": "0",
                            "spec.0.template.0.spec.0.node_name": "",
                            "spec.0.template.0.spec.0.node_selector.%": "0",
                            "spec.0.template.0.spec.0.restart_policy": "Always",
                            "spec.0.template.0.spec.0.security_context.#": "1",
                            "spec.0.template.0.spec.0.security_context.0.fs_group": "100",
                            "spec.0.template.0.spec.0.security_context.0.run_as_non_root": "false",
                            "spec.0.template.0.spec.0.security_context.0.run_as_user": "0",
                            "spec.0.template.0.spec.0.security_context.0.se_linux_options.#": "0",
                            "spec.0.template.0.spec.0.security_context.0.supplemental_groups.#": "0",
                            "spec.0.template.0.spec.0.service_account_name": "",
                            "spec.0.template.0.spec.0.subdomain": "",
                            "spec.0.template.0.spec.0.termination_grace_period_seconds": "30",
                            "spec.0.template.0.spec.0.volume.#": "1",
                            "spec.0.template.0.spec.0.volume.0.aws_elastic_block_store.#": "0",
                            "spec.0.template.0.spec.0.volume.0.azure_disk.#": "0",
                            "spec.0.template.0.spec.0.volume.0.azure_file.#": "0",
                            "spec.0.template.0.spec.0.volume.0.ceph_fs.#": "0",
                            "spec.0.template.0.spec.0.volume.0.cinder.#": "0",
                            "spec.0.template.0.spec.0.volume.0.config_map.#": "0",
                            "spec.0.template.0.spec.0.volume.0.downward_api.#": "0",
                            "spec.0.template.0.spec.0.volume.0.empty_dir.#": "1",
                            "spec.0.template.0.spec.0.volume.0.empty_dir.0.medium": "",
                            "spec.0.template.0.spec.0.volume.0.fc.#": "0",
                            "spec.0.template.0.spec.0.volume.0.flex_volume.#": "0",
                            "spec.0.template.0.spec.0.volume.0.flocker.#": "0",
                            "spec.0.template.0.spec.0.volume.0.gce_persistent_disk.#": "0",
                            "spec.0.template.0.spec.0.volume.0.git_repo.#": "0",
                            "spec.0.template.0.spec.0.volume.0.glusterfs.#": "0",
                            "spec.0.template.0.spec.0.volume.0.host_path.#": "0",
                            "spec.0.template.0.spec.0.volume.0.iscsi.#": "0",
                            "spec.0.template.0.spec.0.volume.0.local.#": "0",
                            "spec.0.template.0.spec.0.volume.0.name": "myfiles",
                            "spec.0.template.0.spec.0.volume.0.nfs.#": "0",
                            "spec.0.template.0.spec.0.volume.0.persistent_volume_claim.#": "0",
                            "spec.0.template.0.spec.0.volume.0.photon_persistent_disk.#": "0",
                            "spec.0.template.0.spec.0.volume.0.quobyte.#": "0",
                            "spec.0.template.0.spec.0.volume.0.rbd.#": "0",
                            "spec.0.template.0.spec.0.volume.0.secret.#": "0",
                            "spec.0.template.0.spec.0.volume.0.vsphere_volume.#": "0"
                        },
                        "meta": {
                            "e2bfb730-ecaa-11e6-8f88-34363bc7c4c0": {
                                "create": 600000000000,
                                "delete": 600000000000,
                                "update": 600000000000
                            }
                        },
                        "tainted": false
                    },
                    "deposed": [],
                    "provider": "module.jypiter.provider.kubernetes"
                },
                "kubernetes_persistent_volume_claim.custom-files": {
                    "type": "kubernetes_persistent_volume_claim",
                    "depends_on": [],
                    "primary": {
                        "id": "default/custom-files",
                        "attributes": {
                            "id": "default/custom-files",
                            "metadata.#": "1",
                            "metadata.0.annotations.%": "0",
                            "metadata.0.generate_name": "",
                            "metadata.0.generation": "0",
                            "metadata.0.labels.%": "0",
                            "metadata.0.name": "custom-files",
                            "metadata.0.namespace": "default",
                            "metadata.0.resource_version": "810",
                            "metadata.0.self_link": "/api/v1/namespaces/default/persistentvolumeclaims/custom-files",
                            "metadata.0.uid": "426e63c7-5c80-11e9-be2c-42010a84000e",
                            "spec.#": "1",
                            "spec.0.access_modes.#": "1",
                            "spec.0.access_modes.1245328686": "ReadWriteOnce",
                            "spec.0.resources.#": "1",
                            "spec.0.resources.0.limits.%": "0",
                            "spec.0.resources.0.requests.%": "1",
                            "spec.0.resources.0.requests.storage": "2Gi",
                            "spec.0.selector.#": "0",
                            "spec.0.storage_class_name": "standard",
                            "spec.0.volume_name": "pvc-426e63c7-5c80-11e9-be2c-42010a84000e",
                            "wait_until_bound": "true"
                        },
                        "meta": {
                            "e2bfb730-ecaa-11e6-8f88-34363bc7c4c0": {
                                "create": 300000000000
                            }
                        },
                        "tainted": false
                    },
                    "deposed": [],
                    "provider": "module.jypiter.provider.kubernetes"
                },
                "kubernetes_service.jupyter-balancer": {
                    "type": "kubernetes_service",
                    "depends_on": [],
                    "primary": {
                        "id": "default/jupyter-balancer",
                        "attributes": {
                            "id": "default/jupyter-balancer",
                            "load_balancer_ingress.#": "1",
                            "load_balancer_ingress.0.hostname": "",
                            "load_balancer_ingress.0.ip": "35.241.143.41",
                            "metadata.#": "1",
                            "metadata.0.annotations.%": "0",
                            "metadata.0.generate_name": "",
                            "metadata.0.generation": "0",
                            "metadata.0.labels.%": "3",
                            "metadata.0.labels.app": "jupyter-notebook",
                            "metadata.0.labels.role": "master",
                            "metadata.0.labels.tier": "backend",
                            "metadata.0.name": "jupyter-balancer",
                            "metadata.0.namespace": "default",
                            "metadata.0.resource_version": "1526",
                            "metadata.0.self_link": "/api/v1/namespaces/default/services/jupyter-balancer",
                            "metadata.0.uid": "42a8f9c7-5c80-11e9-be2c-42010a84000e",
                            "spec.#": "1",
                            "spec.0.cluster_ip": "10.35.247.82",
                            "spec.0.external_ips.#": "0",
                            "spec.0.external_name": "",
                            "spec.0.load_balancer_ip": "",
                            "spec.0.load_balancer_source_ranges.#": "0",
                            "spec.0.port.#": "1",
                            "spec.0.port.0.name": "",
                            "spec.0.port.0.node_port": "32416",
                            "spec.0.port.0.port": "80",
                            "spec.0.port.0.protocol": "TCP",
                            "spec.0.port.0.target_port": "8888",
                            "spec.0.publish_not_ready_addresses": "false",
                            "spec.0.selector.%": "3",
                            "spec.0.selector.app": "jupyter-notebook",
                            "spec.0.selector.role": "master",
                            "spec.0.selector.tier": "backend",
                            "spec.0.session_affinity": "None",
                            "spec.0.type": "LoadBalancer"
                        },
                        "meta": {},
                        "tainted": false
                    },
                    "deposed": [],
                    "provider": "module.jypiter.provider.kubernetes"
                }
            },
            "depends_on": []
        },
        {
            "path": [
                "root",
                "mongo"
            ],
            "outputs": {
                "ip": {
                    "sensitive": false,
                    "type": "string",
                    "value": "35.205.202.32"
                }
            },
            "resources": {
                "kubernetes_deployment.mongo-master": {
                    "type": "kubernetes_deployment",
                    "depends_on": [],
                    "primary": {
                        "id": "default/mongo-master",
                        "attributes": {
                            "id": "default/mongo-master",
                            "metadata.#": "1",
                            "metadata.0.annotations.%": "0",
                            "metadata.0.generate_name": "",
                            "metadata.0.generation": "1",
                            "metadata.0.labels.%": "3",
                            "metadata.0.labels.app": "mongo",
                            "metadata.0.labels.role": "master",
                            "metadata.0.labels.tier": "backend",
                            "metadata.0.name": "mongo-master",
                            "metadata.0.namespace": "default",
                            "metadata.0.resource_version": "1029",
                            "metadata.0.self_link": "/apis/apps/v1/namespaces/default/deployments/mongo-master",
                            "metadata.0.uid": "4282ee6b-5c80-11e9-be2c-42010a84000e",
                            "spec.#": "1",
                            "spec.0.min_ready_seconds": "0",
                            "spec.0.paused": "false",
                            "spec.0.progress_deadline_seconds": "600",
                            "spec.0.replicas": "1",
                            "spec.0.revision_history_limit": "10",
                            "spec.0.selector.#": "1",
                            "spec.0.selector.0.match_expressions.#": "0",
                            "spec.0.selector.0.match_labels.%": "3",
                            "spec.0.selector.0.match_labels.app": "mongo",
                            "spec.0.selector.0.match_labels.role": "master",
                            "spec.0.selector.0.match_labels.tier": "backend",
                            "spec.0.strategy.#": "0",
                            "spec.0.template.#": "1",
                            "spec.0.template.0.metadata.#": "1",
                            "spec.0.template.0.metadata.0.annotations.%": "0",
                            "spec.0.template.0.metadata.0.generate_name": "",
                            "spec.0.template.0.metadata.0.generation": "0",
                            "spec.0.template.0.metadata.0.labels.%": "3",
                            "spec.0.template.0.metadata.0.labels.app": "mongo",
                            "spec.0.template.0.metadata.0.labels.role": "master",
                            "spec.0.template.0.metadata.0.labels.tier": "backend",
                            "spec.0.template.0.metadata.0.name": "",
                            "spec.0.template.0.metadata.0.namespace": "default",
                            "spec.0.template.0.metadata.0.resource_version": "",
                            "spec.0.template.0.metadata.0.self_link": "",
                            "spec.0.template.0.metadata.0.uid": "",
                            "spec.0.template.0.spec.#": "1",
                            "spec.0.template.0.spec.0.active_deadline_seconds": "0",
                            "spec.0.template.0.spec.0.container.#": "1",
                            "spec.0.template.0.spec.0.container.0.args.#": "0",
                            "spec.0.template.0.spec.0.container.0.command.#": "0",
                            "spec.0.template.0.spec.0.container.0.env.#": "4",
                            "spec.0.template.0.spec.0.container.0.env.0.name": "MONGODB_DATABASE",
                            "spec.0.template.0.spec.0.container.0.env.0.value": "mysinoptik",
                            "spec.0.template.0.spec.0.container.0.env.0.value_from.#": "0",
                            "spec.0.template.0.spec.0.container.0.env.1.name": "MONGODB_USERNAME",
                            "spec.0.template.0.spec.0.container.0.env.1.value": "main_admin",
                            "spec.0.template.0.spec.0.container.0.env.1.value_from.#": "0",
                            "spec.0.template.0.spec.0.container.0.env.2.name": "MONGODB_PASSWORD",
                            "spec.0.template.0.spec.0.container.0.env.2.value": "abc123",
                            "spec.0.template.0.spec.0.container.0.env.2.value_from.#": "0",
                            "spec.0.template.0.spec.0.container.0.env.3.name": "MONGODB_ROOT_PASSWORD",
                            "spec.0.template.0.spec.0.container.0.env.3.value": "password2",
                            "spec.0.template.0.spec.0.container.0.env.3.value_from.#": "0",
                            "spec.0.template.0.spec.0.container.0.env_from.#": "0",
                            "spec.0.template.0.spec.0.container.0.image": "bitnami/mongodb:latest",
                            "spec.0.template.0.spec.0.container.0.image_pull_policy": "Always",
                            "spec.0.template.0.spec.0.container.0.lifecycle.#": "0",
                            "spec.0.template.0.spec.0.container.0.liveness_probe.#": "0",
                            "spec.0.template.0.spec.0.container.0.name": "master",
                            "spec.0.template.0.spec.0.container.0.port.#": "1",
                            "spec.0.template.0.spec.0.container.0.port.0.container_port": "27017",
                            "spec.0.template.0.spec.0.container.0.port.0.host_ip": "",
                            "spec.0.template.0.spec.0.container.0.port.0.host_port": "0",
                            "spec.0.template.0.spec.0.container.0.port.0.name": "",
                            "spec.0.template.0.spec.0.container.0.port.0.protocol": "TCP",
                            "spec.0.template.0.spec.0.container.0.readiness_probe.#": "0",
                            "spec.0.template.0.spec.0.container.0.resources.#": "1",
                            "spec.0.template.0.spec.0.container.0.resources.0.limits.#": "0",
                            "spec.0.template.0.spec.0.container.0.resources.0.requests.#": "1",
                            "spec.0.template.0.spec.0.container.0.resources.0.requests.0.cpu": "100m",
                            "spec.0.template.0.spec.0.container.0.resources.0.requests.0.memory": "100Mi",
                            "spec.0.template.0.spec.0.container.0.security_context.#": "0",
                            "spec.0.template.0.spec.0.container.0.stdin": "false",
                            "spec.0.template.0.spec.0.container.0.stdin_once": "false",
                            "spec.0.template.0.spec.0.container.0.termination_message_path": "/dev/termination-log",
                            "spec.0.template.0.spec.0.container.0.tty": "false",
                            "spec.0.template.0.spec.0.container.0.volume_mount.#": "0",
                            "spec.0.template.0.spec.0.container.0.working_dir": "",
                            "spec.0.template.0.spec.0.dns_policy": "ClusterFirst",
                            "spec.0.template.0.spec.0.host_ipc": "false",
                            "spec.0.template.0.spec.0.host_network": "false",
                            "spec.0.template.0.spec.0.host_pid": "false",
                            "spec.0.template.0.spec.0.hostname": "",
                            "spec.0.template.0.spec.0.image_pull_secrets.#": "0",
                            "spec.0.template.0.spec.0.init_container.#": "0",
                            "spec.0.template.0.spec.0.node_name": "",
                            "spec.0.template.0.spec.0.node_selector.%": "0",
                            "spec.0.template.0.spec.0.restart_policy": "Always",
                            "spec.0.template.0.spec.0.security_context.#": "0",
                            "spec.0.template.0.spec.0.service_account_name": "",
                            "spec.0.template.0.spec.0.subdomain": "",
                            "spec.0.template.0.spec.0.termination_grace_period_seconds": "30",
                            "spec.0.template.0.spec.0.volume.#": "0"
                        },
                        "meta": {
                            "e2bfb730-ecaa-11e6-8f88-34363bc7c4c0": {
                                "create": 600000000000,
                                "delete": 600000000000,
                                "update": 600000000000
                            }
                        },
                        "tainted": false
                    },
                    "deposed": [],
                    "provider": "module.mongo.provider.kubernetes"
                },
                "kubernetes_service.mongo-master": {
                    "type": "kubernetes_service",
                    "depends_on": [],
                    "primary": {
                        "id": "default/mongo-master",
                        "attributes": {
                            "id": "default/mongo-master",
                            "load_balancer_ingress.#": "1",
                            "load_balancer_ingress.0.hostname": "",
                            "load_balancer_ingress.0.ip": "35.205.202.32",
                            "metadata.#": "1",
                            "metadata.0.annotations.%": "0",
                            "metadata.0.generate_name": "",
                            "metadata.0.generation": "0",
                            "metadata.0.labels.%": "3",
                            "metadata.0.labels.app": "mongo",
                            "metadata.0.labels.role": "master",
                            "metadata.0.labels.tier": "backend",
                            "metadata.0.name": "mongo-master",
                            "metadata.0.namespace": "default",
                            "metadata.0.resource_version": "1037",
                            "metadata.0.self_link": "/api/v1/namespaces/default/services/mongo-master",
                            "metadata.0.uid": "427f2e85-5c80-11e9-be2c-42010a84000e",
                            "spec.#": "1",
                            "spec.0.cluster_ip": "10.35.247.101",
                            "spec.0.external_ips.#": "0",
                            "spec.0.external_name": "",
                            "spec.0.load_balancer_ip": "",
                            "spec.0.load_balancer_source_ranges.#": "0",
                            "spec.0.port.#": "1",
                            "spec.0.port.0.name": "",
                            "spec.0.port.0.node_port": "30629",
                            "spec.0.port.0.port": "27017",
                            "spec.0.port.0.protocol": "TCP",
                            "spec.0.port.0.target_port": "27017",
                            "spec.0.publish_not_ready_addresses": "false",
                            "spec.0.selector.%": "3",
                            "spec.0.selector.app": "mongo",
                            "spec.0.selector.role": "master",
                            "spec.0.selector.tier": "backend",
                            "spec.0.session_affinity": "None",
                            "spec.0.type": "LoadBalancer"
                        },
                        "meta": {},
                        "tainted": false
                    },
                    "deposed": [],
                    "provider": "module.mongo.provider.kubernetes"
                }
            },
            "depends_on": []
        },
        {
            "path": [
                "root",
                "redis"
            ],
            "outputs": {
                "ip_redis": {
                    "sensitive": false,
                    "type": "string",
                    "value": "35.205.212.224"
                }
            },
            "resources": {
                "kubernetes_deployment.redis-master": {
                    "type": "kubernetes_deployment",
                    "depends_on": [],
                    "primary": {
                        "id": "default/redis-master",
                        "attributes": {
                            "id": "default/redis-master",
                            "metadata.#": "1",
                            "metadata.0.annotations.%": "0",
                            "metadata.0.generate_name": "",
                            "metadata.0.generation": "1",
                            "metadata.0.labels.%": "3",
                            "metadata.0.labels.app": "redis",
                            "metadata.0.labels.role": "master",
                            "metadata.0.labels.tier": "backend",
                            "metadata.0.name": "redis-master",
                            "metadata.0.namespace": "default",
                            "metadata.0.resource_version": "152091",
                            "metadata.0.self_link": "/apis/apps/v1/namespaces/default/deployments/redis-master",
                            "metadata.0.uid": "6ed4dcbb-5cec-11e9-ba4d-42010a8401a7",
                            "spec.#": "1",
                            "spec.0.min_ready_seconds": "0",
                            "spec.0.paused": "false",
                            "spec.0.progress_deadline_seconds": "600",
                            "spec.0.replicas": "1",
                            "spec.0.revision_history_limit": "10",
                            "spec.0.selector.#": "1",
                            "spec.0.selector.0.match_expressions.#": "0",
                            "spec.0.selector.0.match_labels.%": "3",
                            "spec.0.selector.0.match_labels.app": "redis",
                            "spec.0.selector.0.match_labels.role": "master",
                            "spec.0.selector.0.match_labels.tier": "backend",
                            "spec.0.strategy.#": "0",
                            "spec.0.template.#": "1",
                            "spec.0.template.0.metadata.#": "1",
                            "spec.0.template.0.metadata.0.annotations.%": "0",
                            "spec.0.template.0.metadata.0.generate_name": "",
                            "spec.0.template.0.metadata.0.generation": "0",
                            "spec.0.template.0.metadata.0.labels.%": "3",
                            "spec.0.template.0.metadata.0.labels.app": "redis",
                            "spec.0.template.0.metadata.0.labels.role": "master",
                            "spec.0.template.0.metadata.0.labels.tier": "backend",
                            "spec.0.template.0.metadata.0.name": "",
                            "spec.0.template.0.metadata.0.namespace": "default",
                            "spec.0.template.0.metadata.0.resource_version": "",
                            "spec.0.template.0.metadata.0.self_link": "",
                            "spec.0.template.0.metadata.0.uid": "",
                            "spec.0.template.0.spec.#": "1",
                            "spec.0.template.0.spec.0.active_deadline_seconds": "0",
                            "spec.0.template.0.spec.0.container.#": "1",
                            "spec.0.template.0.spec.0.container.0.args.#": "0",
                            "spec.0.template.0.spec.0.container.0.command.#": "0",
                            "spec.0.template.0.spec.0.container.0.env.#": "0",
                            "spec.0.template.0.spec.0.container.0.env_from.#": "0",
                            "spec.0.template.0.spec.0.container.0.image": "k8s.gcr.io/redis:e2e",
                            "spec.0.template.0.spec.0.container.0.image_pull_policy": "IfNotPresent",
                            "spec.0.template.0.spec.0.container.0.lifecycle.#": "0",
                            "spec.0.template.0.spec.0.container.0.liveness_probe.#": "0",
                            "spec.0.template.0.spec.0.container.0.name": "master",
                            "spec.0.template.0.spec.0.container.0.port.#": "1",
                            "spec.0.template.0.spec.0.container.0.port.0.container_port": "6379",
                            "spec.0.template.0.spec.0.container.0.port.0.host_ip": "",
                            "spec.0.template.0.spec.0.container.0.port.0.host_port": "0",
                            "spec.0.template.0.spec.0.container.0.port.0.name": "",
                            "spec.0.template.0.spec.0.container.0.port.0.protocol": "TCP",
                            "spec.0.template.0.spec.0.container.0.readiness_probe.#": "0",
                            "spec.0.template.0.spec.0.container.0.resources.#": "1",
                            "spec.0.template.0.spec.0.container.0.resources.0.limits.#": "0",
                            "spec.0.template.0.spec.0.container.0.resources.0.requests.#": "1",
                            "spec.0.template.0.spec.0.container.0.resources.0.requests.0.cpu": "100m",
                            "spec.0.template.0.spec.0.container.0.resources.0.requests.0.memory": "100Mi",
                            "spec.0.template.0.spec.0.container.0.security_context.#": "0",
                            "spec.0.template.0.spec.0.container.0.stdin": "false",
                            "spec.0.template.0.spec.0.container.0.stdin_once": "false",
                            "spec.0.template.0.spec.0.container.0.termination_message_path": "/dev/termination-log",
                            "spec.0.template.0.spec.0.container.0.tty": "false",
                            "spec.0.template.0.spec.0.container.0.volume_mount.#": "0",
                            "spec.0.template.0.spec.0.container.0.working_dir": "",
                            "spec.0.template.0.spec.0.dns_policy": "ClusterFirst",
                            "spec.0.template.0.spec.0.host_ipc": "false",
                            "spec.0.template.0.spec.0.host_network": "false",
                            "spec.0.template.0.spec.0.host_pid": "false",
                            "spec.0.template.0.spec.0.hostname": "",
                            "spec.0.template.0.spec.0.image_pull_secrets.#": "0",
                            "spec.0.template.0.spec.0.init_container.#": "0",
                            "spec.0.template.0.spec.0.node_name": "",
                            "spec.0.template.0.spec.0.node_selector.%": "0",
                            "spec.0.template.0.spec.0.restart_policy": "Always",
                            "spec.0.template.0.spec.0.security_context.#": "0",
                            "spec.0.template.0.spec.0.service_account_name": "",
                            "spec.0.template.0.spec.0.subdomain": "",
                            "spec.0.template.0.spec.0.termination_grace_period_seconds": "30",
                            "spec.0.template.0.spec.0.volume.#": "0"
                        },
                        "meta": {
                            "e2bfb730-ecaa-11e6-8f88-34363bc7c4c0": {
                                "create": 600000000000,
                                "delete": 600000000000,
                                "update": 600000000000
                            }
                        },
                        "tainted": false
                    },
                    "deposed": [],
                    "provider": "module.redis.provider.kubernetes"
                },
                "kubernetes_service.redis-master": {
                    "type": "kubernetes_service",
                    "depends_on": [],
                    "primary": {
                        "id": "default/redis-master",
                        "attributes": {
                            "id": "default/redis-master",
                            "load_balancer_ingress.#": "1",
                            "load_balancer_ingress.0.hostname": "",
                            "load_balancer_ingress.0.ip": "35.205.212.224",
                            "metadata.#": "1",
                            "metadata.0.annotations.%": "0",
                            "metadata.0.generate_name": "",
                            "metadata.0.generation": "0",
                            "metadata.0.labels.%": "3",
                            "metadata.0.labels.app": "redis",
                            "metadata.0.labels.role": "master",
                            "metadata.0.labels.tier": "backend",
                            "metadata.0.name": "redis-master",
                            "metadata.0.namespace": "default",
                            "metadata.0.resource_version": "152384",
                            "metadata.0.self_link": "/api/v1/namespaces/default/services/redis-master",
                            "metadata.0.uid": "6ed9ba43-5cec-11e9-ba4d-42010a8401a7",
                            "spec.#": "1",
                            "spec.0.cluster_ip": "10.35.246.234",
                            "spec.0.external_ips.#": "0",
                            "spec.0.external_name": "",
                            "spec.0.load_balancer_ip": "",
                            "spec.0.load_balancer_source_ranges.#": "0",
                            "spec.0.port.#": "1",
                            "spec.0.port.0.name": "",
                            "spec.0.port.0.node_port": "31598",
                            "spec.0.port.0.port": "6379",
                            "spec.0.port.0.protocol": "TCP",
                            "spec.0.port.0.target_port": "6379",
                            "spec.0.publish_not_ready_addresses": "false",
                            "spec.0.selector.%": "3",
                            "spec.0.selector.app": "redis",
                            "spec.0.selector.role": "master",
                            "spec.0.selector.tier": "backend",
                            "spec.0.session_affinity": "None",
                            "spec.0.type": "LoadBalancer"
                        },
                        "meta": {},
                        "tainted": false
                    },
                    "deposed": [],
                    "provider": "module.redis.provider.kubernetes"
                }
            },
            "depends_on": []
        }
    ]
}
