{
    "version": 3,
    "terraform_version": "0.11.7",
    "serial": 9,
    "lineage": "5a826b9b-0dd4-a3b3-07a8-88d1901f223d",
    "modules": [
        {
            "path": [
                "root"
            ],
            "outputs": {},
            "resources": {},
            "depends_on": []
        },
        {
            "path": [
                "root",
                "bot"
            ],
            "outputs": {},
            "resources": {
                "kubernetes_deployment.telebot": {
                    "type": "kubernetes_deployment",
                    "depends_on": [],
                    "primary": {
                        "id": "default/telebot",
                        "attributes": {
                            "id": "default/telebot",
                            "metadata.#": "1",
                            "metadata.0.annotations.%": "0",
                            "metadata.0.generate_name": "",
                            "metadata.0.generation": "1",
                            "metadata.0.labels.%": "3",
                            "metadata.0.labels.app": "telebot",
                            "metadata.0.labels.role": "master",
                            "metadata.0.labels.tier": "backend",
                            "metadata.0.name": "telebot",
                            "metadata.0.namespace": "default",
                            "metadata.0.resource_version": "17104",
                            "metadata.0.self_link": "/apis/apps/v1/namespaces/default/deployments/telebot",
                            "metadata.0.uid": "a28f2b74-5bb3-11e9-81fe-42010a8400a6",
                            "spec.#": "1",
                            "spec.0.min_ready_seconds": "0",
                            "spec.0.paused": "false",
                            "spec.0.progress_deadline_seconds": "600",
                            "spec.0.replicas": "1",
                            "spec.0.revision_history_limit": "10",
                            "spec.0.selector.#": "1",
                            "spec.0.selector.0.match_expressions.#": "0",
                            "spec.0.selector.0.match_labels.%": "3",
                            "spec.0.selector.0.match_labels.app": "telebot",
                            "spec.0.selector.0.match_labels.role": "master",
                            "spec.0.selector.0.match_labels.tier": "backend",
                            "spec.0.strategy.#": "0",
                            "spec.0.template.#": "1",
                            "spec.0.template.0.metadata.#": "1",
                            "spec.0.template.0.metadata.0.annotations.%": "0",
                            "spec.0.template.0.metadata.0.generate_name": "",
                            "spec.0.template.0.metadata.0.generation": "0",
                            "spec.0.template.0.metadata.0.labels.%": "3",
                            "spec.0.template.0.metadata.0.labels.app": "telebot",
                            "spec.0.template.0.metadata.0.labels.role": "master",
                            "spec.0.template.0.metadata.0.labels.tier": "backend",
                            "spec.0.template.0.metadata.0.name": "",
                            "spec.0.template.0.metadata.0.namespace": "default",
                            "spec.0.template.0.metadata.0.resource_version": "",
                            "spec.0.template.0.metadata.0.self_link": "",
                            "spec.0.template.0.metadata.0.uid": "",
                            "spec.0.template.0.spec.#": "1",
                            "spec.0.template.0.spec.0.active_deadline_seconds": "0",
                            "spec.0.template.0.spec.0.container.#": "1",
                            "spec.0.template.0.spec.0.container.0.args.#": "0",
                            "spec.0.template.0.spec.0.container.0.command.#": "0",
                            "spec.0.template.0.spec.0.container.0.env.#": "0",
                            "spec.0.template.0.spec.0.container.0.env_from.#": "0",
                            "spec.0.template.0.spec.0.container.0.image": "denizka/telebot:v0.3",
                            "spec.0.template.0.spec.0.container.0.image_pull_policy": "IfNotPresent",
                            "spec.0.template.0.spec.0.container.0.lifecycle.#": "0",
                            "spec.0.template.0.spec.0.container.0.liveness_probe.#": "0",
                            "spec.0.template.0.spec.0.container.0.name": "master",
                            "spec.0.template.0.spec.0.container.0.port.#": "0",
                            "spec.0.template.0.spec.0.container.0.readiness_probe.#": "0",
                            "spec.0.template.0.spec.0.container.0.resources.#": "1",
                            "spec.0.template.0.spec.0.container.0.resources.0.limits.#": "0",
                            "spec.0.template.0.spec.0.container.0.resources.0.requests.#": "1",
                            "spec.0.template.0.spec.0.container.0.resources.0.requests.0.cpu": "100m",
                            "spec.0.template.0.spec.0.container.0.resources.0.requests.0.memory": "512Mi",
                            "spec.0.template.0.spec.0.container.0.security_context.#": "0",
                            "spec.0.template.0.spec.0.container.0.stdin": "false",
                            "spec.0.template.0.spec.0.container.0.stdin_once": "false",
                            "spec.0.template.0.spec.0.container.0.termination_message_path": "/dev/termination-log",
                            "spec.0.template.0.spec.0.container.0.tty": "false",
                            "spec.0.template.0.spec.0.container.0.volume_mount.#": "0",
                            "spec.0.template.0.spec.0.container.0.working_dir": "",
                            "spec.0.template.0.spec.0.dns_policy": "ClusterFirst",
                            "spec.0.template.0.spec.0.host_ipc": "false",
                            "spec.0.template.0.spec.0.host_network": "false",
                            "spec.0.template.0.spec.0.host_pid": "false",
                            "spec.0.template.0.spec.0.hostname": "",
                            "spec.0.template.0.spec.0.image_pull_secrets.#": "0",
                            "spec.0.template.0.spec.0.init_container.#": "0",
                            "spec.0.template.0.spec.0.node_name": "",
                            "spec.0.template.0.spec.0.node_selector.%": "0",
                            "spec.0.template.0.spec.0.restart_policy": "Always",
                            "spec.0.template.0.spec.0.security_context.#": "0",
                            "spec.0.template.0.spec.0.service_account_name": "",
                            "spec.0.template.0.spec.0.subdomain": "",
                            "spec.0.template.0.spec.0.termination_grace_period_seconds": "30",
                            "spec.0.template.0.spec.0.volume.#": "0"
                        },
                        "meta": {
                            "e2bfb730-ecaa-11e6-8f88-34363bc7c4c0": {
                                "create": 600000000000,
                                "delete": 600000000000,
                                "update": 600000000000
                            }
                        },
                        "tainted": false
                    },
                    "deposed": [],
                    "provider": "module.bot.provider.kubernetes"
                },
                "kubernetes_service.telebot": {
                    "type": "kubernetes_service",
                    "depends_on": [],
                    "primary": {
                        "id": "default/telebot",
                        "attributes": {
                            "id": "default/telebot",
                            "load_balancer_ingress.#": "1",
                            "load_balancer_ingress.0.hostname": "",
                            "load_balancer_ingress.0.ip": "34.76.237.121",
                            "metadata.#": "1",
                            "metadata.0.annotations.%": "0",
                            "metadata.0.generate_name": "",
                            "metadata.0.generation": "0",
                            "metadata.0.labels.%": "3",
                            "metadata.0.labels.app": "telebot",
                            "metadata.0.labels.role": "master",
                            "metadata.0.labels.tier": "backend",
                            "metadata.0.name": "telebot",
                            "metadata.0.namespace": "default",
                            "metadata.0.resource_version": "26856",
                            "metadata.0.self_link": "/api/v1/namespaces/default/services/telebot",
                            "metadata.0.uid": "12627df8-5bc0-11e9-ae69-42010a8400a7",
                            "spec.#": "1",
                            "spec.0.cluster_ip": "10.35.241.10",
                            "spec.0.external_ips.#": "0",
                            "spec.0.external_name": "",
                            "spec.0.load_balancer_ip": "",
                            "spec.0.load_balancer_source_ranges.#": "0",
                            "spec.0.port.#": "1",
                            "spec.0.port.0.name": "",
                            "spec.0.port.0.node_port": "31840",
                            "spec.0.port.0.port": "80",
                            "spec.0.port.0.protocol": "TCP",
                            "spec.0.port.0.target_port": "80",
                            "spec.0.publish_not_ready_addresses": "false",
                            "spec.0.selector.%": "3",
                            "spec.0.selector.app": "telebot",
                            "spec.0.selector.role": "master",
                            "spec.0.selector.tier": "backend",
                            "spec.0.session_affinity": "None",
                            "spec.0.type": "LoadBalancer"
                        },
                        "meta": {},
                        "tainted": false
                    },
                    "deposed": [],
                    "provider": "module.bot.provider.kubernetes"
                }
            },
            "depends_on": []
        },
        {
            "path": [
                "root",
                "functions"
            ],
            "outputs": {},
            "resources": {
                "google_cloud_scheduler_job.api-job": {
                    "type": "google_cloud_scheduler_job",
                    "depends_on": [
                        "google_cloudfunctions_function.get-data"
                    ],
                    "primary": {
                        "id": "api-job",
                        "attributes": {
                            "app_engine_http_target.#": "0",
                            "description": "test http job",
                            "http_target.#": "1",
                            "http_target.0.body": "",
                            "http_target.0.headers.%": "0",
                            "http_target.0.http_method": "POST",
                            "http_target.0.uri": "https://europe-west1-metal-mariner-235316.cloudfunctions.net/get-data",
                            "id": "api-job",
                            "name": "api-job",
                            "project": "metal-mariner-235316",
                            "pubsub_target.#": "0",
                            "region": "europe-west1",
                            "retry_config.#": "0",
                            "schedule": "*/15 * * * *",
                            "time_zone": "Europe/Brussels"
                        },
                        "meta": {
                            "e2bfb730-ecaa-11e6-8f88-34363bc7c4c0": {
                                "create": 240000000000,
                                "delete": 240000000000
                            }
                        },
                        "tainted": false
                    },
                    "deposed": [],
                    "provider": "module.functions.provider.google"
                },
                "google_cloudfunctions_function.current-temp": {
                    "type": "google_cloudfunctions_function",
                    "depends_on": [
                        "google_pubsub_topic.topic3",
                        "google_storage_bucket.bucket",
                        "google_storage_bucket_object.current-temp"
                    ],
                    "primary": {
                        "id": "metal-mariner-235316/europe-west1/current-temp",
                        "attributes": {
                            "available_memory_mb": "256",
                            "description": "My weather",
                            "entry_point": "message_from_topic3",
                            "environment_variables.%": "2",
                            "environment_variables.ip_redis": "35.205.196.132",
                            "environment_variables.project": "metal-mariner-235316",
                            "event_trigger.#": "1",
                            "event_trigger.0.event_type": "google.pubsub.topic.publish",
                            "event_trigger.0.failure_policy.#": "1",
                            "event_trigger.0.failure_policy.0.retry": "true",
                            "event_trigger.0.resource": "topic3",
                            "id": "metal-mariner-235316/europe-west1/current-temp",
                            "labels.%": "0",
                            "name": "current-temp",
                            "project": "metal-mariner-235316",
                            "region": "europe-west1",
                            "runtime": "python37",
                            "service_account_email": "metal-mariner-235316@appspot.gserviceaccount.com",
                            "source_archive_bucket": "zamb-buck",
                            "source_archive_object": "current-temp.zip",
                            "source_repository.#": "0",
                            "timeout": "60"
                        },
                        "meta": {
                            "e2bfb730-ecaa-11e6-8f88-34363bc7c4c0": {
                                "create": 300000000000,
                                "delete": 300000000000,
                                "read": 300000000000
                            }
                        },
                        "tainted": false
                    },
                    "deposed": [],
                    "provider": "module.functions.provider.google"
                },
                "google_cloudfunctions_function.get-data": {
                    "type": "google_cloudfunctions_function",
                    "depends_on": [
                        "google_storage_bucket.bucket",
                        "google_storage_bucket_object.app"
                    ],
                    "primary": {
                        "id": "metal-mariner-235316/europe-west1/get-data",
                        "attributes": {
                            "available_memory_mb": "256",
                            "description": "My weather",
                            "entry_point": "get_data_from_api",
                            "environment_variables.%": "2",
                            "environment_variables.API": "276ec06355caea9ea3871dff528fe49d",
                            "environment_variables.project": "metal-mariner-235316",
                            "event_trigger.#": "0",
                            "https_trigger_url": "https://europe-west1-metal-mariner-235316.cloudfunctions.net/get-data",
                            "id": "metal-mariner-235316/europe-west1/get-data",
                            "labels.%": "1",
                            "labels.my-label": "my-label-value",
                            "name": "get-data",
                            "project": "metal-mariner-235316",
                            "region": "europe-west1",
                            "runtime": "python37",
                            "service_account_email": "metal-mariner-235316@appspot.gserviceaccount.com",
                            "source_archive_bucket": "zamb-buck",
                            "source_archive_object": "app.zip",
                            "source_repository.#": "0",
                            "timeout": "60",
                            "trigger_http": "true"
                        },
                        "meta": {
                            "e2bfb730-ecaa-11e6-8f88-34363bc7c4c0": {
                                "create": 300000000000,
                                "delete": 300000000000,
                                "read": 300000000000
                            }
                        },
                        "tainted": false
                    },
                    "deposed": [],
                    "provider": "module.functions.provider.google"
                },
                "google_cloudfunctions_function.get-from-db": {
                    "type": "google_cloudfunctions_function",
                    "depends_on": [
                        "google_storage_bucket.bucket",
                        "google_storage_bucket_object.get-from-db"
                    ],
                    "primary": {
                        "id": "metal-mariner-235316/europe-west1/get-from-db",
                        "attributes": {
                            "available_memory_mb": "128",
                            "description": "Fetching from MongoDB",
                            "entry_point": "get_from_db",
                            "environment_variables.%": "3",
                            "environment_variables.ip": "35.233.74.230",
                            "environment_variables.user_name": "main_admin",
                            "environment_variables.user_pass": "abc123",
                            "event_trigger.#": "0",
                            "https_trigger_url": "https://europe-west1-metal-mariner-235316.cloudfunctions.net/get-from-db",
                            "id": "metal-mariner-235316/europe-west1/get-from-db",
                            "labels.%": "0",
                            "name": "get-from-db",
                            "project": "metal-mariner-235316",
                            "region": "europe-west1",
                            "runtime": "python37",
                            "service_account_email": "metal-mariner-235316@appspot.gserviceaccount.com",
                            "source_archive_bucket": "zamb-buck",
                            "source_archive_object": "get-from-db.zip",
                            "source_repository.#": "0",
                            "timeout": "60",
                            "trigger_http": "true"
                        },
                        "meta": {
                            "e2bfb730-ecaa-11e6-8f88-34363bc7c4c0": {
                                "create": 300000000000,
                                "delete": 300000000000,
                                "read": 300000000000
                            }
                        },
                        "tainted": false
                    },
                    "deposed": [],
                    "provider": "module.functions.provider.google"
                },
                "google_cloudfunctions_function.save-to-db": {
                    "type": "google_cloudfunctions_function",
                    "depends_on": [
                        "google_pubsub_topic.topic1",
                        "google_storage_bucket.bucket",
                        "google_storage_bucket_object.db"
                    ],
                    "primary": {
                        "id": "metal-mariner-235316/europe-west1/save-to-db",
                        "attributes": {
                            "available_memory_mb": "256",
                            "description": "My weather",
                            "entry_point": "message_from_topic1",
                            "environment_variables.%": "3",
                            "environment_variables.ip": "35.233.74.230",
                            "environment_variables.user_name": "main_admin",
                            "environment_variables.user_pass": "abc123",
                            "event_trigger.#": "1",
                            "event_trigger.0.event_type": "google.pubsub.topic.publish",
                            "event_trigger.0.failure_policy.#": "1",
                            "event_trigger.0.failure_policy.0.retry": "true",
                            "event_trigger.0.resource": "topic1",
                            "id": "metal-mariner-235316/europe-west1/save-to-db",
                            "labels.%": "0",
                            "name": "save-to-db",
                            "project": "metal-mariner-235316",
                            "region": "europe-west1",
                            "runtime": "python37",
                            "service_account_email": "metal-mariner-235316@appspot.gserviceaccount.com",
                            "source_archive_bucket": "zamb-buck",
                            "source_archive_object": "save-to-db.zip",
                            "source_repository.#": "0",
                            "timeout": "60"
                        },
                        "meta": {
                            "e2bfb730-ecaa-11e6-8f88-34363bc7c4c0": {
                                "create": 300000000000,
                                "delete": 300000000000,
                                "read": 300000000000
                            }
                        },
                        "tainted": false
                    },
                    "deposed": [],
                    "provider": "module.functions.provider.google"
                },
                "google_cloudfunctions_function.to-zamb": {
                    "type": "google_cloudfunctions_function",
                    "depends_on": [
                        "google_cloudfunctions_function.zamb",
                        "google_pubsub_topic.topic2",
                        "google_storage_bucket.bucket",
                        "google_storage_bucket_object.to-zamb"
                    ],
                    "primary": {
                        "id": "metal-mariner-235316/europe-west1/to-zamb",
                        "attributes": {
                            "available_memory_mb": "256",
                            "description": "My weather",
                            "entry_point": "message_from_topic2",
                            "environment_variables.%": "2",
                            "environment_variables.link_zamb": "https://europe-west1-metal-mariner-235316.cloudfunctions.net/zamb",
                            "environment_variables.project": "metal-mariner-235316",
                            "event_trigger.#": "1",
                            "event_trigger.0.event_type": "google.pubsub.topic.publish",
                            "event_trigger.0.failure_policy.#": "1",
                            "event_trigger.0.failure_policy.0.retry": "true",
                            "event_trigger.0.resource": "topic2",
                            "id": "metal-mariner-235316/europe-west1/to-zamb",
                            "labels.%": "0",
                            "name": "to-zamb",
                            "project": "metal-mariner-235316",
                            "region": "europe-west1",
                            "runtime": "python37",
                            "service_account_email": "metal-mariner-235316@appspot.gserviceaccount.com",
                            "source_archive_bucket": "zamb-buck",
                            "source_archive_object": "to-zamb.zip",
                            "source_repository.#": "0",
                            "timeout": "60"
                        },
                        "meta": {
                            "e2bfb730-ecaa-11e6-8f88-34363bc7c4c0": {
                                "create": 300000000000,
                                "delete": 300000000000,
                                "read": 300000000000
                            }
                        },
                        "tainted": false
                    },
                    "deposed": [],
                    "provider": "module.functions.provider.google"
                },
                "google_cloudfunctions_function.zamb": {
                    "type": "google_cloudfunctions_function",
                    "depends_on": [
                        "google_storage_bucket.bucket",
                        "google_storage_bucket_object.zamb"
                    ],
                    "primary": {
                        "id": "metal-mariner-235316/europe-west1/zamb",
                        "attributes": {
                            "available_memory_mb": "256",
                            "description": "My weather",
                            "entry_point": "zamb",
                            "environment_variables.%": "4",
                            "environment_variables.ip": "35.233.74.230",
                            "environment_variables.ip_redis": "35.205.196.132",
                            "environment_variables.user_name": "main_admin",
                            "environment_variables.user_pass": "abc123",
                            "event_trigger.#": "0",
                            "https_trigger_url": "https://europe-west1-metal-mariner-235316.cloudfunctions.net/zamb",
                            "id": "metal-mariner-235316/europe-west1/zamb",
                            "labels.%": "0",
                            "name": "zamb",
                            "project": "metal-mariner-235316",
                            "region": "europe-west1",
                            "runtime": "python37",
                            "service_account_email": "metal-mariner-235316@appspot.gserviceaccount.com",
                            "source_archive_bucket": "zamb-buck",
                            "source_archive_object": "zamb.zip",
                            "source_repository.#": "0",
                            "timeout": "60",
                            "trigger_http": "true"
                        },
                        "meta": {
                            "e2bfb730-ecaa-11e6-8f88-34363bc7c4c0": {
                                "create": 300000000000,
                                "delete": 300000000000,
                                "read": 300000000000
                            }
                        },
                        "tainted": false
                    },
                    "deposed": [],
                    "provider": "module.functions.provider.google"
                },
                "google_pubsub_topic.topic1": {
                    "type": "google_pubsub_topic",
                    "depends_on": [],
                    "primary": {
                        "id": "projects/metal-mariner-235316/topics/topic1",
                        "attributes": {
                            "id": "projects/metal-mariner-235316/topics/topic1",
                            "labels.%": "0",
                            "name": "topic1",
                            "project": "metal-mariner-235316"
                        },
                        "meta": {
                            "e2bfb730-ecaa-11e6-8f88-34363bc7c4c0": {
                                "create": 240000000000,
                                "delete": 240000000000
                            }
                        },
                        "tainted": false
                    },
                    "deposed": [],
                    "provider": "module.functions.provider.google"
                },
                "google_pubsub_topic.topic2": {
                    "type": "google_pubsub_topic",
                    "depends_on": [],
                    "primary": {
                        "id": "projects/metal-mariner-235316/topics/topic2",
                        "attributes": {
                            "id": "projects/metal-mariner-235316/topics/topic2",
                            "labels.%": "0",
                            "name": "topic2",
                            "project": "metal-mariner-235316"
                        },
                        "meta": {
                            "e2bfb730-ecaa-11e6-8f88-34363bc7c4c0": {
                                "create": 240000000000,
                                "delete": 240000000000
                            }
                        },
                        "tainted": false
                    },
                    "deposed": [],
                    "provider": "module.functions.provider.google"
                },
                "google_pubsub_topic.topic3": {
                    "type": "google_pubsub_topic",
                    "depends_on": [],
                    "primary": {
                        "id": "projects/metal-mariner-235316/topics/topic3",
                        "attributes": {
                            "id": "projects/metal-mariner-235316/topics/topic3",
                            "labels.%": "0",
                            "name": "topic3",
                            "project": "metal-mariner-235316"
                        },
                        "meta": {
                            "e2bfb730-ecaa-11e6-8f88-34363bc7c4c0": {
                                "create": 240000000000,
                                "delete": 240000000000
                            }
                        },
                        "tainted": false
                    },
                    "deposed": [],
                    "provider": "module.functions.provider.google"
                },
                "google_storage_bucket.bucket": {
                    "type": "google_storage_bucket",
                    "depends_on": [],
                    "primary": {
                        "id": "zamb-buck",
                        "attributes": {
                            "cors.#": "0",
                            "encryption.#": "0",
                            "force_destroy": "false",
                            "id": "zamb-buck",
                            "labels.%": "0",
                            "lifecycle_rule.#": "0",
                            "location": "EU",
                            "logging.#": "0",
                            "name": "zamb-buck",
                            "project": "metal-mariner-235316",
                            "requester_pays": "false",
                            "self_link": "https://www.googleapis.com/storage/v1/b/zamb-buck",
                            "storage_class": "STANDARD",
                            "url": "gs://zamb-buck",
                            "versioning.#": "0"
                        },
                        "meta": {},
                        "tainted": false
                    },
                    "deposed": [],
                    "provider": "module.functions.provider.google"
                },
                "google_storage_bucket_object.app": {
                    "type": "google_storage_bucket_object",
                    "depends_on": [
                        "google_storage_bucket.bucket"
                    ],
                    "primary": {
                        "id": "zamb-buck-app.zip",
                        "attributes": {
                            "bucket": "zamb-buck",
                            "cache_control": "",
                            "content_disposition": "",
                            "content_encoding": "",
                            "content_language": "",
                            "content_type": "application/zip",
                            "crc32c": "7Z6jJA==",
                            "detect_md5hash": "8QcqVVaKzupjdw17j7ad+g==",
                            "id": "zamb-buck-app.zip",
                            "md5hash": "8QcqVVaKzupjdw17j7ad+g==",
                            "name": "app.zip",
                            "output_name": "app.zip",
                            "self_link": "https://www.googleapis.com/storage/v1/b/zamb-buck/o/app.zip",
                            "source": "./functions/app.zip",
                            "storage_class": "STANDARD"
                        },
                        "meta": {},
                        "tainted": false
                    },
                    "deposed": [],
                    "provider": "module.functions.provider.google"
                },
                "google_storage_bucket_object.current-temp": {
                    "type": "google_storage_bucket_object",
                    "depends_on": [
                        "google_storage_bucket.bucket"
                    ],
                    "primary": {
                        "id": "zamb-buck-current-temp.zip",
                        "attributes": {
                            "bucket": "zamb-buck",
                            "cache_control": "",
                            "content_disposition": "",
                            "content_encoding": "",
                            "content_language": "",
                            "content_type": "application/zip",
                            "crc32c": "6O2mMA==",
                            "detect_md5hash": "xy2+rGbnP5RtDgzNmkZ3Kw==",
                            "id": "zamb-buck-current-temp.zip",
                            "md5hash": "xy2+rGbnP5RtDgzNmkZ3Kw==",
                            "name": "current-temp.zip",
                            "output_name": "current-temp.zip",
                            "self_link": "https://www.googleapis.com/storage/v1/b/zamb-buck/o/current-temp.zip",
                            "source": "./functions/current-temp.zip",
                            "storage_class": "STANDARD"
                        },
                        "meta": {},
                        "tainted": false
                    },
                    "deposed": [],
                    "provider": "module.functions.provider.google"
                },
                "google_storage_bucket_object.db": {
                    "type": "google_storage_bucket_object",
                    "depends_on": [
                        "google_storage_bucket.bucket"
                    ],
                    "primary": {
                        "id": "zamb-buck-save-to-db.zip",
                        "attributes": {
                            "bucket": "zamb-buck",
                            "cache_control": "",
                            "content_disposition": "",
                            "content_encoding": "",
                            "content_language": "",
                            "content_type": "application/zip",
                            "crc32c": "QeMH4g==",
                            "detect_md5hash": "akgUFbDSmNMESGuZPtdJhQ==",
                            "id": "zamb-buck-save-to-db.zip",
                            "md5hash": "akgUFbDSmNMESGuZPtdJhQ==",
                            "name": "save-to-db.zip",
                            "output_name": "save-to-db.zip",
                            "self_link": "https://www.googleapis.com/storage/v1/b/zamb-buck/o/save-to-db.zip",
                            "source": "./functions/save-to-db.zip",
                            "storage_class": "STANDARD"
                        },
                        "meta": {},
                        "tainted": false
                    },
                    "deposed": [],
                    "provider": "module.functions.provider.google"
                },
                "google_storage_bucket_object.get-from-db": {
                    "type": "google_storage_bucket_object",
                    "depends_on": [
                        "google_storage_bucket.bucket"
                    ],
                    "primary": {
                        "id": "zamb-buck-get-from-db.zip",
                        "attributes": {
                            "bucket": "zamb-buck",
                            "cache_control": "",
                            "content_disposition": "",
                            "content_encoding": "",
                            "content_language": "",
                            "content_type": "application/zip",
                            "crc32c": "pZK9JA==",
                            "detect_md5hash": "fabCLJ+gLMyiYnH8jJMFXg==",
                            "id": "zamb-buck-get-from-db.zip",
                            "md5hash": "fabCLJ+gLMyiYnH8jJMFXg==",
                            "name": "get-from-db.zip",
                            "output_name": "get-from-db.zip",
                            "self_link": "https://www.googleapis.com/storage/v1/b/zamb-buck/o/get-from-db.zip",
                            "source": "./functions/get-from-db.zip",
                            "storage_class": "STANDARD"
                        },
                        "meta": {},
                        "tainted": false
                    },
                    "deposed": [],
                    "provider": "module.functions.provider.google"
                },
                "google_storage_bucket_object.to-zamb": {
                    "type": "google_storage_bucket_object",
                    "depends_on": [
                        "google_storage_bucket.bucket"
                    ],
                    "primary": {
                        "id": "zamb-buck-to-zamb.zip",
                        "attributes": {
                            "bucket": "zamb-buck",
                            "cache_control": "",
                            "content_disposition": "",
                            "content_encoding": "",
                            "content_language": "",
                            "content_type": "application/zip",
                            "crc32c": "qMJVJw==",
                            "detect_md5hash": "cGhfGFSNioHzuTrxqC9Lgg==",
                            "id": "zamb-buck-to-zamb.zip",
                            "md5hash": "cGhfGFSNioHzuTrxqC9Lgg==",
                            "name": "to-zamb.zip",
                            "output_name": "to-zamb.zip",
                            "self_link": "https://www.googleapis.com/storage/v1/b/zamb-buck/o/to-zamb.zip",
                            "source": "./functions/to-zamb.zip",
                            "storage_class": "STANDARD"
                        },
                        "meta": {},
                        "tainted": false
                    },
                    "deposed": [],
                    "provider": "module.functions.provider.google"
                },
                "google_storage_bucket_object.zamb": {
                    "type": "google_storage_bucket_object",
                    "depends_on": [
                        "google_storage_bucket.bucket"
                    ],
                    "primary": {
                        "id": "zamb-buck-zamb.zip",
                        "attributes": {
                            "bucket": "zamb-buck",
                            "cache_control": "",
                            "content_disposition": "",
                            "content_encoding": "",
                            "content_language": "",
                            "content_type": "application/zip",
                            "crc32c": "Xl06Pw==",
                            "detect_md5hash": "igXcZlHyu4oz8XJ1Kr4ApA==",
                            "id": "zamb-buck-zamb.zip",
                            "md5hash": "igXcZlHyu4oz8XJ1Kr4ApA==",
                            "name": "zamb.zip",
                            "output_name": "zamb.zip",
                            "self_link": "https://www.googleapis.com/storage/v1/b/zamb-buck/o/zamb.zip",
                            "source": "./functions/zamb.zip",
                            "storage_class": "STANDARD"
                        },
                        "meta": {},
                        "tainted": false
                    },
                    "deposed": [],
                    "provider": "module.functions.provider.google"
                }
            },
            "depends_on": []
        },
        {
            "path": [
                "root",
                "gke"
            ],
            "outputs": {
                "client_certificate": {
                    "sensitive": true,
                    "type": "string",
                    "value": "LS0tLS1CRUdJTiBDRVJUSUZJQ0FURS0tLS0tCk1JSUMyekNDQWNPZ0F3SUJBZ0lSQUxVRkp2aEpkWENoaFVUNDUxYUszeDB3RFFZSktvWklodmNOQVFFTEJRQXcKTHpFdE1Dc0dBMVVFQXhNa01EaGhOemxsTW1RdE5tTXdPUzAwTmpKbUxUbGpOR1l0TlRSaE5XWXdPVGhtTXpobQpNQjRYRFRFNU1EUXhNREUyTWpjeU1Wb1hEVEkwTURRd09ERTJNamN5TVZvd0VURVBNQTBHQTFVRUF4TUdZMnhwClpXNTBNSUlCSWpBTkJna3Foa2lHOXcwQkFRRUZBQU9DQVE4QU1JSUJDZ0tDQVFFQXYvMzdsWVBBRlpCTWtBU0YKSXo0UjdIUVJseEpNTnd1Tmp5QnRZSVhaMmtuUmRoanM3bURzWGhwUHdJVCtjWVZIR2ZtbGpzUWFSbzA1ZldRUApPeE9rdWQwNjJmWGhYQ08zR1BBeFRqSXFSQjJ1YjlWSUJVUGdzT3ZaanFqWld5TTlPcXVBUTNFbk1URk0reGk3ClVQWkNOT3E5YXk0SkFGTDdVbjhHQVp1VWpNOGExbW5MWTRCemM1S3ZVTnJ6RU9iR2VOdWtCMzNETDhwK3JIT3YKVFNUNW9xOUNCaHhOS2poTGFCTU11aGFsWXVYUDlQaVRTSWltU2JiaUFKeHZqbUZDbUNuUE1rakVnYnZuUHNWSgo2eTZiRkM5MmVyODBuWEN6TkpzYjNUMnB3RFJ3ZFJSUWhZYjNrMkt5RVZZSjZLa0EzbXBoWmRqWEFlU1J0MUNaCm9qR2lzUUlEQVFBQm94QXdEakFNQmdOVkhSTUJBZjhFQWpBQU1BMEdDU3FHU0liM0RRRUJDd1VBQTRJQkFRQUMKN3djRGluc0JsdXlCVGV3NTV0dTdSYitqSTczaDJ1c2x4MkxTdFRkZ1NCcjhvU1VvMTN1NVRndzFiUysvVDloYQpjbU9lZ3ZLM2NCamZHZ1hzTHl6UjB3b0hIMEpYaFZUa0VqclpEQktkcEdBOXgzUnQwVDFZMVFxZ0RCd0d3WFdrCmV0Y1J5OVNTN1ZsUk84UUVzK3dlQU1HMnJRejFtdGhkWUFHeXkzN2t0WUhIZ0Nuck54VlZVZy9WVzJ3VUI1VVoKV1ZQSkVncGg4ZTRiQ3NES0FZNGw1Sm1EVi84bkRqREd3MDc4cVE4VWtBMUJsMmpxUlZPRE5FUFp6Qk0wN21LOQp6dS9kWWxGdG8wUHk5S01XaktEbkhGMEkraUs4eTlONnhVTUdQVlJFZHA2djdaUjhURm1XaUczWGVMbG9haWN1CjV3ODVOTVpGaWRTYVhvWWZUYlMwCi0tLS0tRU5EIENFUlRJRklDQVRFLS0tLS0K"
                },
                "client_key": {
                    "sensitive": true,
                    "type": "string",
                    "value": "LS0tLS1CRUdJTiBSU0EgUFJJVkFURSBLRVktLS0tLQpNSUlFb3dJQkFBS0NBUUVBdi8zN2xZUEFGWkJNa0FTRkl6NFI3SFFSbHhKTU53dU5qeUJ0WUlYWjJrblJkaGpzCjdtRHNYaHBQd0lUK2NZVkhHZm1sanNRYVJvMDVmV1FQT3hPa3VkMDYyZlhoWENPM0dQQXhUaklxUkIydWI5VkkKQlVQZ3NPdlpqcWpaV3lNOU9xdUFRM0VuTVRGTSt4aTdVUFpDTk9xOWF5NEpBRkw3VW44R0FadVVqTThhMW1uTApZNEJ6YzVLdlVOcnpFT2JHZU51a0IzM0RMOHArckhPdlRTVDVvcTlDQmh4TktqaExhQk1NdWhhbFl1WFA5UGlUClNJaW1TYmJpQUp4dmptRkNtQ25QTWtqRWdidm5Qc1ZKNnk2YkZDOTJlcjgwblhDek5Kc2IzVDJwd0RSd2RSUlEKaFliM2syS3lFVllKNktrQTNtcGhaZGpYQWVTUnQxQ1pvakdpc1FJREFRQUJBb0lCQUFvcWNuMXhsUlNIT0JpWgpscXVkckNFSktjdkdJU0U2aEQrM2U3Y2tTenRjMUlHVWN3b3h1VjVIdGlDWFlpb2tZSllLWXhibXdRM3FpU2hmCnFaTkxHRm9ya2NQTCtrZHcwQzk2dTErY3RpSjJjRisxU3p1Vkl5TDNFQVZXNFRCclVxRUdSdk83UEhRbFBFSmcKNWowMGx0K2FyTll0b1RZaVRyS283V3BkSUszZWEzNmxoekFwOUVmSVhmd2YzaDBaa1dpVlYvaVpxcmxMVXZVYwpRUlA1cHQ1NmVDLy8xTHAwZGYxMVBlV2NvaWVVOHVYUmdsQlZHa0hULzNJMnc0bE9JdTE3TE9FcjJoYVBjUE5xCkJyT0tJS3dZVGxpMFFXcEprM2NiQ1V3TG1La2JJYWNXMTRSK3JhS0p6dFhsSUx5TjYwS1VrVGpXRkc1Mk5EN00KSytTdkdrRUNnWUVBMzkvTmZwM2g0RUhBbURscG1KN00rK3BLdi9VYWZZS1dReWtDUlNWbFg4ZUNVYnFFUmFzQQprczBHUUpiS1dWZmdaRHZNQlF2TlB4eGFwallKWFZnU3o2V0ErLzVDeGozYzdqa0pTV3JpODk2eTlwZWJPSmgyCkw0T0hvNk1OZVl4NVR0dkhpK05MOE1MdGdBcWVrZ3QybkgzL1NmVURDcEJoS1pSc2UvbW5RaUVDZ1lFQTI0cjMKS2JtY2xsUzJvdVFsRlNPSFh0c3ljdVB5Ym53aDdYTFBaVzl5bUF4Z0ZCWWs3Nyt1VUljZFFtZjFxTUFEdDJBMgpFbDNKejBzNEtEQm02eElaV2p3UWxsQzJqSGZjS3liOU12d0JtMVZsQWQrdkpjZmdpWHptZWI0cWZod0NqNVl1CjhtYzNiZ3NDZjJPelVXcEVJNHlPYUFSSXd6cGVGeHN5ZkRDcmJwRUNnWUFrUnlRSnJKUDV2eTN5ZlBzN25DQWoKZ21meWkwbHJwVW1zUUd6NXY0R1o3NzZTZCtNUFZ4S1V0MXlZQXRkdmV1b0YxQnJQaG9ZUUFBeEFldWt4a3lBWgpQZnlVMlRNQTVPMTBQUkhnTDgzdkx0dFpVbC80Mzl2bS95MXZ1dkJvRGZkcWEvcitGQ3N1TEtoSDQzQ213ZXpLCmx6QlRUN3phYldNUlZkZnVqeG9uZ1FLQmdRQ21GY1FUeWJvL05Ba1N3N3VWK1ZIUW5jelZnOEtFZU40Rnp5UTgKM1luNG91d1FaZ3c5WDJvVXU1S1VDU2VjS043bTNCOHIxODN6UnpsTmxnaFY3MVJFb2tuK0hVTnNrc1I1MUw0Wgowdkc0UEdyMGR1NytpdTQvdE1CNit6VVVRRVpqcjc4R1hMVmZSMjcxUmt5QzIveCtWRGZyVXNway93UHRRUUw1ClZxeHFNUUtCZ0hYQW9tWk1uUjZldVozblBTenJxTG15WE9zVWRyeE9jK0lNbUZZZU9HaDJZU3htUXV2RWQ1L0wKVmNMRFRZeGtUNHlzNDByb0V5SnBtUWRoWDMwaEVNZ0VldXF0NjdRS0piaGZPYnR2Q1JHRzh4b0J6bG4zUkNCRQo4V2R2R1VKc3p0bDBXdHNiNjFsRnhjc2U2Slo4cHVrVUJua1pLd0dRYVBaOWxPWnZ0aW93Ci0tLS0tRU5EIFJTQSBQUklWQVRFIEtFWS0tLS0tCg=="
                },
                "cluster_ca_certificate": {
                    "sensitive": true,
                    "type": "string",
                    "value": "LS0tLS1CRUdJTiBDRVJUSUZJQ0FURS0tLS0tCk1JSURDekNDQWZPZ0F3SUJBZ0lRQWpoM1ZEWVV4T2dRUE5Lc3kzS01DakFOQmdrcWhraUc5dzBCQVFzRkFEQXYKTVMwd0t3WURWUVFERXlRd09HRTNPV1V5WkMwMll6QTVMVFEyTW1ZdE9XTTBaaTAxTkdFMVpqQTVPR1l6T0dZdwpIaGNOTVRrd05ERXdNVFV5TnpJeFdoY05NalF3TkRBNE1UWXlOekl4V2pBdk1TMHdLd1lEVlFRREV5UXdPR0UzCk9XVXlaQzAyWXpBNUxUUTJNbVl0T1dNMFppMDFOR0UxWmpBNU9HWXpPR1l3Z2dFaU1BMEdDU3FHU0liM0RRRUIKQVFVQUE0SUJEd0F3Z2dFS0FvSUJBUUNLOU9wZEdyN2ljSmoxK01tdy91YU5JSXc5Rjh6enFua01JTzV0azRKSQpPOUNyOUNGNlhQMHFENEZITGVBZ3JEdTFRRVk5RWJZYjMwTnB5cE1KWCsxU0oyUEhXNWgrWjJFTXpWSGpTK3VaCkplbDJ4cU9pOEY5VDVFbGQrRytKTlJQUSticExLZzNUdzh1NlNEY0xqUVBSNlhwTGxocWFPVC9QdTBsY1ExR24KUTI2TlQwcDljcEZSSHUvNEFnUWFvdExFTkRlUjNxbzNNYkpVb01mS2o4L2IvMTJORXBzYlJoKzdBa1dya2FuagptaXlzaTc2UlVtSXVyOE52TmFmYnVIdEltU3VCN3R2T0YvWlJIYkZjcUNzemlseFNMd0RoMlF3Q2ExK2NTNnQxCnR2ZCtMUTVPRGZwVUxoQklGVnlFTUlSTlNRK0k1WEl1N1ZtTXM0aWxMdUFWQWdNQkFBR2pJekFoTUE0R0ExVWQKRHdFQi93UUVBd0lDQkRBUEJnTlZIUk1CQWY4RUJUQURBUUgvTUEwR0NTcUdTSWIzRFFFQkN3VUFBNElCQVFCUgp5WSt1Ti9qd25td3JkTm5MeU53d0w3SDhiRENJRjZ4VzU1UzJKdmpMTVcvZVd3Mi83a1JDTDYzb3dUa1FJd09DCmNTd1ZOUE5RcUtDYWlUV2xvRnBsWEVxQ3pQbEY4TEx3eEkyWThBYW1JZE1TS01iTklPUzlQMy9QZFJQNTJvUUoKMDhUakY5NXV0UTMyY0VCMEdCeWVLRFRoSzVMYi9qeW91UTZDa0t2eXdJbldieGN2MXdGT2tsRFJyU3VVVVMzMwpKZ2crQzRaaUVtNnBoU2lkZkVhZ2dCLzhWd2wzTXd1VWpJRFlxL1U2cVFRSVNMWGVVeU9TanFmQ3lSNzVzc1lQCkZkMmNxM0dwazZkNVY3M0g1TzR0cElPamEwRHYySENFRHMrckpwS3dhTWNPN1RGM1I3MGx0NzJJZkUrczg3S0oKZ3MvY2V2djl4YVIzQjBPcUVWV3gKLS0tLS1FTkQgQ0VSVElGSUNBVEUtLS0tLQo="
                },
                "host": {
                    "sensitive": true,
                    "type": "string",
                    "value": "35.233.34.212"
                }
            },
            "resources": {
                "google_container_cluster.mongodb": {
                    "type": "google_container_cluster",
                    "depends_on": [],
                    "primary": {
                        "id": "mongodb",
                        "attributes": {
                            "additional_zones.#": "3",
                            "additional_zones.2344402622": "europe-west1-c",
                            "additional_zones.2460454911": "europe-west1-b",
                            "additional_zones.3304925305": "europe-west1-d",
                            "addons_config.#": "1",
                            "addons_config.0.horizontal_pod_autoscaling.#": "0",
                            "addons_config.0.http_load_balancing.#": "0",
                            "addons_config.0.kubernetes_dashboard.#": "1",
                            "addons_config.0.kubernetes_dashboard.0.disabled": "true",
                            "addons_config.0.network_policy_config.#": "1",
                            "addons_config.0.network_policy_config.0.disabled": "true",
                            "cluster_autoscaling.#": "0",
                            "cluster_ipv4_cidr": "10.32.0.0/14",
                            "description": "",
                            "enable_kubernetes_alpha": "false",
                            "enable_legacy_abac": "false",
                            "endpoint": "35.233.34.212",
                            "id": "mongodb",
                            "initial_node_count": "1",
                            "instance_group_urls.#": "3",
                            "instance_group_urls.0": "https://www.googleapis.com/compute/v1/projects/metal-mariner-235316/zones/europe-west1-d/instanceGroups/gke-mongodb-default-pool-14312753-grp",
                            "instance_group_urls.1": "https://www.googleapis.com/compute/v1/projects/metal-mariner-235316/zones/europe-west1-c/instanceGroups/gke-mongodb-default-pool-c67a6fc2-grp",
                            "instance_group_urls.2": "https://www.googleapis.com/compute/v1/projects/metal-mariner-235316/zones/europe-west1-b/instanceGroups/gke-mongodb-default-pool-3fff2897-grp",
                            "ip_allocation_policy.#": "0",
                            "location": "europe-west1",
                            "logging_service": "logging.googleapis.com",
                            "maintenance_policy.#": "0",
                            "master_auth.#": "1",
                            "master_auth.0.client_certificate": "LS0tLS1CRUdJTiBDRVJUSUZJQ0FURS0tLS0tCk1JSUMyekNDQWNPZ0F3SUJBZ0lSQUxVRkp2aEpkWENoaFVUNDUxYUszeDB3RFFZSktvWklodmNOQVFFTEJRQXcKTHpFdE1Dc0dBMVVFQXhNa01EaGhOemxsTW1RdE5tTXdPUzAwTmpKbUxUbGpOR1l0TlRSaE5XWXdPVGhtTXpobQpNQjRYRFRFNU1EUXhNREUyTWpjeU1Wb1hEVEkwTURRd09ERTJNamN5TVZvd0VURVBNQTBHQTFVRUF4TUdZMnhwClpXNTBNSUlCSWpBTkJna3Foa2lHOXcwQkFRRUZBQU9DQVE4QU1JSUJDZ0tDQVFFQXYvMzdsWVBBRlpCTWtBU0YKSXo0UjdIUVJseEpNTnd1Tmp5QnRZSVhaMmtuUmRoanM3bURzWGhwUHdJVCtjWVZIR2ZtbGpzUWFSbzA1ZldRUApPeE9rdWQwNjJmWGhYQ08zR1BBeFRqSXFSQjJ1YjlWSUJVUGdzT3ZaanFqWld5TTlPcXVBUTNFbk1URk0reGk3ClVQWkNOT3E5YXk0SkFGTDdVbjhHQVp1VWpNOGExbW5MWTRCemM1S3ZVTnJ6RU9iR2VOdWtCMzNETDhwK3JIT3YKVFNUNW9xOUNCaHhOS2poTGFCTU11aGFsWXVYUDlQaVRTSWltU2JiaUFKeHZqbUZDbUNuUE1rakVnYnZuUHNWSgo2eTZiRkM5MmVyODBuWEN6TkpzYjNUMnB3RFJ3ZFJSUWhZYjNrMkt5RVZZSjZLa0EzbXBoWmRqWEFlU1J0MUNaCm9qR2lzUUlEQVFBQm94QXdEakFNQmdOVkhSTUJBZjhFQWpBQU1BMEdDU3FHU0liM0RRRUJDd1VBQTRJQkFRQUMKN3djRGluc0JsdXlCVGV3NTV0dTdSYitqSTczaDJ1c2x4MkxTdFRkZ1NCcjhvU1VvMTN1NVRndzFiUysvVDloYQpjbU9lZ3ZLM2NCamZHZ1hzTHl6UjB3b0hIMEpYaFZUa0VqclpEQktkcEdBOXgzUnQwVDFZMVFxZ0RCd0d3WFdrCmV0Y1J5OVNTN1ZsUk84UUVzK3dlQU1HMnJRejFtdGhkWUFHeXkzN2t0WUhIZ0Nuck54VlZVZy9WVzJ3VUI1VVoKV1ZQSkVncGg4ZTRiQ3NES0FZNGw1Sm1EVi84bkRqREd3MDc4cVE4VWtBMUJsMmpxUlZPRE5FUFp6Qk0wN21LOQp6dS9kWWxGdG8wUHk5S01XaktEbkhGMEkraUs4eTlONnhVTUdQVlJFZHA2djdaUjhURm1XaUczWGVMbG9haWN1CjV3ODVOTVpGaWRTYVhvWWZUYlMwCi0tLS0tRU5EIENFUlRJRklDQVRFLS0tLS0K",
                            "master_auth.0.client_certificate_config.#": "0",
                            "master_auth.0.client_key": "LS0tLS1CRUdJTiBSU0EgUFJJVkFURSBLRVktLS0tLQpNSUlFb3dJQkFBS0NBUUVBdi8zN2xZUEFGWkJNa0FTRkl6NFI3SFFSbHhKTU53dU5qeUJ0WUlYWjJrblJkaGpzCjdtRHNYaHBQd0lUK2NZVkhHZm1sanNRYVJvMDVmV1FQT3hPa3VkMDYyZlhoWENPM0dQQXhUaklxUkIydWI5VkkKQlVQZ3NPdlpqcWpaV3lNOU9xdUFRM0VuTVRGTSt4aTdVUFpDTk9xOWF5NEpBRkw3VW44R0FadVVqTThhMW1uTApZNEJ6YzVLdlVOcnpFT2JHZU51a0IzM0RMOHArckhPdlRTVDVvcTlDQmh4TktqaExhQk1NdWhhbFl1WFA5UGlUClNJaW1TYmJpQUp4dmptRkNtQ25QTWtqRWdidm5Qc1ZKNnk2YkZDOTJlcjgwblhDek5Kc2IzVDJwd0RSd2RSUlEKaFliM2syS3lFVllKNktrQTNtcGhaZGpYQWVTUnQxQ1pvakdpc1FJREFRQUJBb0lCQUFvcWNuMXhsUlNIT0JpWgpscXVkckNFSktjdkdJU0U2aEQrM2U3Y2tTenRjMUlHVWN3b3h1VjVIdGlDWFlpb2tZSllLWXhibXdRM3FpU2hmCnFaTkxHRm9ya2NQTCtrZHcwQzk2dTErY3RpSjJjRisxU3p1Vkl5TDNFQVZXNFRCclVxRUdSdk83UEhRbFBFSmcKNWowMGx0K2FyTll0b1RZaVRyS283V3BkSUszZWEzNmxoekFwOUVmSVhmd2YzaDBaa1dpVlYvaVpxcmxMVXZVYwpRUlA1cHQ1NmVDLy8xTHAwZGYxMVBlV2NvaWVVOHVYUmdsQlZHa0hULzNJMnc0bE9JdTE3TE9FcjJoYVBjUE5xCkJyT0tJS3dZVGxpMFFXcEprM2NiQ1V3TG1La2JJYWNXMTRSK3JhS0p6dFhsSUx5TjYwS1VrVGpXRkc1Mk5EN00KSytTdkdrRUNnWUVBMzkvTmZwM2g0RUhBbURscG1KN00rK3BLdi9VYWZZS1dReWtDUlNWbFg4ZUNVYnFFUmFzQQprczBHUUpiS1dWZmdaRHZNQlF2TlB4eGFwallKWFZnU3o2V0ErLzVDeGozYzdqa0pTV3JpODk2eTlwZWJPSmgyCkw0T0hvNk1OZVl4NVR0dkhpK05MOE1MdGdBcWVrZ3QybkgzL1NmVURDcEJoS1pSc2UvbW5RaUVDZ1lFQTI0cjMKS2JtY2xsUzJvdVFsRlNPSFh0c3ljdVB5Ym53aDdYTFBaVzl5bUF4Z0ZCWWs3Nyt1VUljZFFtZjFxTUFEdDJBMgpFbDNKejBzNEtEQm02eElaV2p3UWxsQzJqSGZjS3liOU12d0JtMVZsQWQrdkpjZmdpWHptZWI0cWZod0NqNVl1CjhtYzNiZ3NDZjJPelVXcEVJNHlPYUFSSXd6cGVGeHN5ZkRDcmJwRUNnWUFrUnlRSnJKUDV2eTN5ZlBzN25DQWoKZ21meWkwbHJwVW1zUUd6NXY0R1o3NzZTZCtNUFZ4S1V0MXlZQXRkdmV1b0YxQnJQaG9ZUUFBeEFldWt4a3lBWgpQZnlVMlRNQTVPMTBQUkhnTDgzdkx0dFpVbC80Mzl2bS95MXZ1dkJvRGZkcWEvcitGQ3N1TEtoSDQzQ213ZXpLCmx6QlRUN3phYldNUlZkZnVqeG9uZ1FLQmdRQ21GY1FUeWJvL05Ba1N3N3VWK1ZIUW5jelZnOEtFZU40Rnp5UTgKM1luNG91d1FaZ3c5WDJvVXU1S1VDU2VjS043bTNCOHIxODN6UnpsTmxnaFY3MVJFb2tuK0hVTnNrc1I1MUw0Wgowdkc0UEdyMGR1NytpdTQvdE1CNit6VVVRRVpqcjc4R1hMVmZSMjcxUmt5QzIveCtWRGZyVXNway93UHRRUUw1ClZxeHFNUUtCZ0hYQW9tWk1uUjZldVozblBTenJxTG15WE9zVWRyeE9jK0lNbUZZZU9HaDJZU3htUXV2RWQ1L0wKVmNMRFRZeGtUNHlzNDByb0V5SnBtUWRoWDMwaEVNZ0VldXF0NjdRS0piaGZPYnR2Q1JHRzh4b0J6bG4zUkNCRQo4V2R2R1VKc3p0bDBXdHNiNjFsRnhjc2U2Slo4cHVrVUJua1pLd0dRYVBaOWxPWnZ0aW93Ci0tLS0tRU5EIFJTQSBQUklWQVRFIEtFWS0tLS0tCg==",
                            "master_auth.0.cluster_ca_certificate": "LS0tLS1CRUdJTiBDRVJUSUZJQ0FURS0tLS0tCk1JSURDekNDQWZPZ0F3SUJBZ0lRQWpoM1ZEWVV4T2dRUE5Lc3kzS01DakFOQmdrcWhraUc5dzBCQVFzRkFEQXYKTVMwd0t3WURWUVFERXlRd09HRTNPV1V5WkMwMll6QTVMVFEyTW1ZdE9XTTBaaTAxTkdFMVpqQTVPR1l6T0dZdwpIaGNOTVRrd05ERXdNVFV5TnpJeFdoY05NalF3TkRBNE1UWXlOekl4V2pBdk1TMHdLd1lEVlFRREV5UXdPR0UzCk9XVXlaQzAyWXpBNUxUUTJNbVl0T1dNMFppMDFOR0UxWmpBNU9HWXpPR1l3Z2dFaU1BMEdDU3FHU0liM0RRRUIKQVFVQUE0SUJEd0F3Z2dFS0FvSUJBUUNLOU9wZEdyN2ljSmoxK01tdy91YU5JSXc5Rjh6enFua01JTzV0azRKSQpPOUNyOUNGNlhQMHFENEZITGVBZ3JEdTFRRVk5RWJZYjMwTnB5cE1KWCsxU0oyUEhXNWgrWjJFTXpWSGpTK3VaCkplbDJ4cU9pOEY5VDVFbGQrRytKTlJQUSticExLZzNUdzh1NlNEY0xqUVBSNlhwTGxocWFPVC9QdTBsY1ExR24KUTI2TlQwcDljcEZSSHUvNEFnUWFvdExFTkRlUjNxbzNNYkpVb01mS2o4L2IvMTJORXBzYlJoKzdBa1dya2FuagptaXlzaTc2UlVtSXVyOE52TmFmYnVIdEltU3VCN3R2T0YvWlJIYkZjcUNzemlseFNMd0RoMlF3Q2ExK2NTNnQxCnR2ZCtMUTVPRGZwVUxoQklGVnlFTUlSTlNRK0k1WEl1N1ZtTXM0aWxMdUFWQWdNQkFBR2pJekFoTUE0R0ExVWQKRHdFQi93UUVBd0lDQkRBUEJnTlZIUk1CQWY4RUJUQURBUUgvTUEwR0NTcUdTSWIzRFFFQkN3VUFBNElCQVFCUgp5WSt1Ti9qd25td3JkTm5MeU53d0w3SDhiRENJRjZ4VzU1UzJKdmpMTVcvZVd3Mi83a1JDTDYzb3dUa1FJd09DCmNTd1ZOUE5RcUtDYWlUV2xvRnBsWEVxQ3pQbEY4TEx3eEkyWThBYW1JZE1TS01iTklPUzlQMy9QZFJQNTJvUUoKMDhUakY5NXV0UTMyY0VCMEdCeWVLRFRoSzVMYi9qeW91UTZDa0t2eXdJbldieGN2MXdGT2tsRFJyU3VVVVMzMwpKZ2crQzRaaUVtNnBoU2lkZkVhZ2dCLzhWd2wzTXd1VWpJRFlxL1U2cVFRSVNMWGVVeU9TanFmQ3lSNzVzc1lQCkZkMmNxM0dwazZkNVY3M0g1TzR0cElPamEwRHYySENFRHMrckpwS3dhTWNPN1RGM1I3MGx0NzJJZkUrczg3S0oKZ3MvY2V2djl4YVIzQjBPcUVWV3gKLS0tLS1FTkQgQ0VSVElGSUNBVEUtLS0tLQo=",
                            "master_auth.0.password": "1q2w3e4r5t6y7u8i",
                            "master_auth.0.username": "admin",
                            "master_authorized_networks_config.#": "0",
                            "master_version": "1.11.7-gke.12",
                            "monitoring_service": "monitoring.googleapis.com",
                            "name": "mongodb",
                            "network": "projects/metal-mariner-235316/global/networks/default",
                            "network_policy.#": "1",
                            "network_policy.0.enabled": "false",
                            "network_policy.0.provider": "PROVIDER_UNSPECIFIED",
                            "node_config.#": "1",
                            "node_config.0.disk_size_gb": "100",
                            "node_config.0.disk_type": "pd-standard",
                            "node_config.0.guest_accelerator.#": "0",
                            "node_config.0.image_type": "COS",
                            "node_config.0.labels.%": "0",
                            "node_config.0.local_ssd_count": "0",
                            "node_config.0.machine_type": "n1-standard-1",
                            "node_config.0.metadata.%": "0",
                            "node_config.0.min_cpu_platform": "",
                            "node_config.0.oauth_scopes.#": "7",
                            "node_config.0.oauth_scopes.1277378754": "https://www.googleapis.com/auth/monitoring",
                            "node_config.0.oauth_scopes.1632638332": "https://www.googleapis.com/auth/devstorage.read_only",
                            "node_config.0.oauth_scopes.172152165": "https://www.googleapis.com/auth/logging.write",
                            "node_config.0.oauth_scopes.299962681": "https://www.googleapis.com/auth/compute",
                            "node_config.0.oauth_scopes.316356861": "https://www.googleapis.com/auth/service.management.readonly",
                            "node_config.0.oauth_scopes.3663490875": "https://www.googleapis.com/auth/servicecontrol",
                            "node_config.0.oauth_scopes.3859019814": "https://www.googleapis.com/auth/trace.append",
                            "node_config.0.preemptible": "false",
                            "node_config.0.service_account": "default",
                            "node_config.0.tags.#": "0",
                            "node_config.0.taint.#": "0",
                            "node_config.0.workload_metadata_config.#": "0",
                            "node_locations.#": "3",
                            "node_locations.2344402622": "europe-west1-c",
                            "node_locations.2460454911": "europe-west1-b",
                            "node_locations.3304925305": "europe-west1-d",
                            "node_pool.#": "1",
                            "node_pool.0.autoscaling.#": "0",
                            "node_pool.0.initial_node_count": "1",
                            "node_pool.0.instance_group_urls.#": "3",
                            "node_pool.0.instance_group_urls.0": "https://www.googleapis.com/compute/v1/projects/metal-mariner-235316/zones/europe-west1-d/instanceGroupManagers/gke-mongodb-default-pool-14312753-grp",
                            "node_pool.0.instance_group_urls.1": "https://www.googleapis.com/compute/v1/projects/metal-mariner-235316/zones/europe-west1-c/instanceGroupManagers/gke-mongodb-default-pool-c67a6fc2-grp",
                            "node_pool.0.instance_group_urls.2": "https://www.googleapis.com/compute/v1/projects/metal-mariner-235316/zones/europe-west1-b/instanceGroupManagers/gke-mongodb-default-pool-3fff2897-grp",
                            "node_pool.0.management.#": "1",
                            "node_pool.0.management.0.auto_repair": "false",
                            "node_pool.0.management.0.auto_upgrade": "false",
                            "node_pool.0.max_pods_per_node": "0",
                            "node_pool.0.name": "default-pool",
                            "node_pool.0.name_prefix": "",
                            "node_pool.0.node_config.#": "1",
                            "node_pool.0.node_config.0.disk_size_gb": "100",
                            "node_pool.0.node_config.0.disk_type": "pd-standard",
                            "node_pool.0.node_config.0.guest_accelerator.#": "0",
                            "node_pool.0.node_config.0.image_type": "COS",
                            "node_pool.0.node_config.0.labels.%": "0",
                            "node_pool.0.node_config.0.local_ssd_count": "0",
                            "node_pool.0.node_config.0.machine_type": "n1-standard-1",
                            "node_pool.0.node_config.0.metadata.%": "0",
                            "node_pool.0.node_config.0.min_cpu_platform": "",
                            "node_pool.0.node_config.0.oauth_scopes.#": "7",
                            "node_pool.0.node_config.0.oauth_scopes.1277378754": "https://www.googleapis.com/auth/monitoring",
                            "node_pool.0.node_config.0.oauth_scopes.1632638332": "https://www.googleapis.com/auth/devstorage.read_only",
                            "node_pool.0.node_config.0.oauth_scopes.172152165": "https://www.googleapis.com/auth/logging.write",
                            "node_pool.0.node_config.0.oauth_scopes.299962681": "https://www.googleapis.com/auth/compute",
                            "node_pool.0.node_config.0.oauth_scopes.316356861": "https://www.googleapis.com/auth/service.management.readonly",
                            "node_pool.0.node_config.0.oauth_scopes.3663490875": "https://www.googleapis.com/auth/servicecontrol",
                            "node_pool.0.node_config.0.oauth_scopes.3859019814": "https://www.googleapis.com/auth/trace.append",
                            "node_pool.0.node_config.0.preemptible": "false",
                            "node_pool.0.node_config.0.service_account": "default",
                            "node_pool.0.node_config.0.tags.#": "0",
                            "node_pool.0.node_config.0.taint.#": "0",
                            "node_pool.0.node_config.0.workload_metadata_config.#": "0",
                            "node_pool.0.node_count": "1",
                            "node_pool.0.version": "1.11.7-gke.12",
                            "node_version": "1.11.7-gke.12",
                            "private_cluster_config.#": "0",
                            "project": "metal-mariner-235316",
                            "region": "europe-west1",
                            "resource_labels.%": "0",
                            "subnetwork": "projects/metal-mariner-235316/regions/europe-west1/subnetworks/default"
                        },
                        "meta": {
                            "e2bfb730-ecaa-11e6-8f88-34363bc7c4c0": {
                                "create": 1800000000000,
                                "delete": 1800000000000,
                                "update": 1800000000000
                            },
                            "schema_version": "1"
                        },
                        "tainted": false
                    },
                    "deposed": [],
                    "provider": "module.gke.provider.google"
                }
            },
            "depends_on": []
        },
        {
            "path": [
                "root",
                "jypiter"
            ],
            "outputs": {},
            "resources": {
                "kubernetes_deployment.jupyter-notebook": {
                    "type": "kubernetes_deployment",
                    "depends_on": [],
                    "primary": {
                        "id": "default/jupyter-notebook",
                        "attributes": {
                            "id": "default/jupyter-notebook",
                            "metadata.#": "1",
                            "metadata.0.annotations.%": "0",
                            "metadata.0.generate_name": "",
                            "metadata.0.generation": "2",
                            "metadata.0.labels.%": "3",
                            "metadata.0.labels.app": "jupyter-notebook",
                            "metadata.0.labels.role": "master",
                            "metadata.0.labels.tier": "backend",
                            "metadata.0.name": "jupyter-notebook",
                            "metadata.0.namespace": "default",
                            "metadata.0.resource_version": "21955",
                            "metadata.0.self_link": "/apis/apps/v1/namespaces/default/deployments/jupyter-notebook",
                            "metadata.0.uid": "a28f7448-5bb3-11e9-81fe-42010a8400a6",
                            "spec.#": "1",
                            "spec.0.min_ready_seconds": "0",
                            "spec.0.paused": "false",
                            "spec.0.progress_deadline_seconds": "600",
                            "spec.0.replicas": "1",
                            "spec.0.revision_history_limit": "10",
                            "spec.0.selector.#": "1",
                            "spec.0.selector.0.match_expressions.#": "0",
                            "spec.0.selector.0.match_labels.%": "3",
                            "spec.0.selector.0.match_labels.app": "jupyter-notebook",
                            "spec.0.selector.0.match_labels.role": "master",
                            "spec.0.selector.0.match_labels.tier": "backend",
                            "spec.0.strategy.#": "0",
                            "spec.0.template.#": "1",
                            "spec.0.template.0.metadata.#": "1",
                            "spec.0.template.0.metadata.0.annotations.%": "0",
                            "spec.0.template.0.metadata.0.generate_name": "",
                            "spec.0.template.0.metadata.0.generation": "0",
                            "spec.0.template.0.metadata.0.labels.%": "3",
                            "spec.0.template.0.metadata.0.labels.app": "jupyter-notebook",
                            "spec.0.template.0.metadata.0.labels.role": "master",
                            "spec.0.template.0.metadata.0.labels.tier": "backend",
                            "spec.0.template.0.metadata.0.name": "",
                            "spec.0.template.0.metadata.0.namespace": "default",
                            "spec.0.template.0.metadata.0.resource_version": "",
                            "spec.0.template.0.metadata.0.self_link": "",
                            "spec.0.template.0.metadata.0.uid": "",
                            "spec.0.template.0.spec.#": "1",
                            "spec.0.template.0.spec.0.active_deadline_seconds": "0",
                            "spec.0.template.0.spec.0.container.#": "1",
                            "spec.0.template.0.spec.0.container.0.args.#": "0",
                            "spec.0.template.0.spec.0.container.0.command.#": "0",
                            "spec.0.template.0.spec.0.container.0.env.#": "0",
                            "spec.0.template.0.spec.0.container.0.env_from.#": "0",
                            "spec.0.template.0.spec.0.container.0.image": "jupyter/all-spark-notebook",
                            "spec.0.template.0.spec.0.container.0.image_pull_policy": "Always",
                            "spec.0.template.0.spec.0.container.0.lifecycle.#": "0",
                            "spec.0.template.0.spec.0.container.0.liveness_probe.#": "0",
                            "spec.0.template.0.spec.0.container.0.name": "minimal-notebook",
                            "spec.0.template.0.spec.0.container.0.port.#": "1",
                            "spec.0.template.0.spec.0.container.0.port.0.container_port": "8888",
                            "spec.0.template.0.spec.0.container.0.port.0.host_ip": "",
                            "spec.0.template.0.spec.0.container.0.port.0.host_port": "0",
                            "spec.0.template.0.spec.0.container.0.port.0.name": "",
                            "spec.0.template.0.spec.0.container.0.port.0.protocol": "TCP",
                            "spec.0.template.0.spec.0.container.0.readiness_probe.#": "0",
                            "spec.0.template.0.spec.0.container.0.resources.#": "1",
                            "spec.0.template.0.spec.0.container.0.resources.0.limits.#": "0",
                            "spec.0.template.0.spec.0.container.0.resources.0.requests.#": "1",
                            "spec.0.template.0.spec.0.container.0.resources.0.requests.0.cpu": "100m",
                            "spec.0.template.0.spec.0.container.0.resources.0.requests.0.memory": "100Mi",
                            "spec.0.template.0.spec.0.container.0.security_context.#": "0",
                            "spec.0.template.0.spec.0.container.0.stdin": "false",
                            "spec.0.template.0.spec.0.container.0.stdin_once": "false",
                            "spec.0.template.0.spec.0.container.0.termination_message_path": "/dev/termination-log",
                            "spec.0.template.0.spec.0.container.0.tty": "false",
                            "spec.0.template.0.spec.0.container.0.volume_mount.#": "1",
                            "spec.0.template.0.spec.0.container.0.volume_mount.0.mount_path": "/home/jovyan/work",
                            "spec.0.template.0.spec.0.container.0.volume_mount.0.name": "myfiles",
                            "spec.0.template.0.spec.0.container.0.volume_mount.0.read_only": "false",
                            "spec.0.template.0.spec.0.container.0.volume_mount.0.sub_path": "",
                            "spec.0.template.0.spec.0.container.0.working_dir": "",
                            "spec.0.template.0.spec.0.dns_policy": "ClusterFirst",
                            "spec.0.template.0.spec.0.host_ipc": "false",
                            "spec.0.template.0.spec.0.host_network": "false",
                            "spec.0.template.0.spec.0.host_pid": "false",
                            "spec.0.template.0.spec.0.hostname": "",
                            "spec.0.template.0.spec.0.image_pull_secrets.#": "0",
                            "spec.0.template.0.spec.0.init_container.#": "0",
                            "spec.0.template.0.spec.0.node_name": "",
                            "spec.0.template.0.spec.0.node_selector.%": "0",
                            "spec.0.template.0.spec.0.restart_policy": "Always",
                            "spec.0.template.0.spec.0.security_context.#": "1",
                            "spec.0.template.0.spec.0.security_context.0.fs_group": "100",
                            "spec.0.template.0.spec.0.security_context.0.run_as_non_root": "false",
                            "spec.0.template.0.spec.0.security_context.0.run_as_user": "0",
                            "spec.0.template.0.spec.0.security_context.0.se_linux_options.#": "0",
                            "spec.0.template.0.spec.0.security_context.0.supplemental_groups.#": "0",
                            "spec.0.template.0.spec.0.service_account_name": "",
                            "spec.0.template.0.spec.0.subdomain": "",
                            "spec.0.template.0.spec.0.termination_grace_period_seconds": "30",
                            "spec.0.template.0.spec.0.volume.#": "1",
                            "spec.0.template.0.spec.0.volume.0.aws_elastic_block_store.#": "0",
                            "spec.0.template.0.spec.0.volume.0.azure_disk.#": "0",
                            "spec.0.template.0.spec.0.volume.0.azure_file.#": "0",
                            "spec.0.template.0.spec.0.volume.0.ceph_fs.#": "0",
                            "spec.0.template.0.spec.0.volume.0.cinder.#": "0",
                            "spec.0.template.0.spec.0.volume.0.config_map.#": "0",
                            "spec.0.template.0.spec.0.volume.0.downward_api.#": "0",
                            "spec.0.template.0.spec.0.volume.0.empty_dir.#": "1",
                            "spec.0.template.0.spec.0.volume.0.empty_dir.0.medium": "",
                            "spec.0.template.0.spec.0.volume.0.fc.#": "0",
                            "spec.0.template.0.spec.0.volume.0.flex_volume.#": "0",
                            "spec.0.template.0.spec.0.volume.0.flocker.#": "0",
                            "spec.0.template.0.spec.0.volume.0.gce_persistent_disk.#": "0",
                            "spec.0.template.0.spec.0.volume.0.git_repo.#": "0",
                            "spec.0.template.0.spec.0.volume.0.glusterfs.#": "0",
                            "spec.0.template.0.spec.0.volume.0.host_path.#": "0",
                            "spec.0.template.0.spec.0.volume.0.iscsi.#": "0",
                            "spec.0.template.0.spec.0.volume.0.local.#": "0",
                            "spec.0.template.0.spec.0.volume.0.name": "myfiles",
                            "spec.0.template.0.spec.0.volume.0.nfs.#": "0",
                            "spec.0.template.0.spec.0.volume.0.persistent_volume_claim.#": "0",
                            "spec.0.template.0.spec.0.volume.0.photon_persistent_disk.#": "0",
                            "spec.0.template.0.spec.0.volume.0.quobyte.#": "0",
                            "spec.0.template.0.spec.0.volume.0.rbd.#": "0",
                            "spec.0.template.0.spec.0.volume.0.secret.#": "0",
                            "spec.0.template.0.spec.0.volume.0.vsphere_volume.#": "0"
                        },
                        "meta": {
                            "e2bfb730-ecaa-11e6-8f88-34363bc7c4c0": {
                                "create": 600000000000,
                                "delete": 600000000000,
                                "update": 600000000000
                            }
                        },
                        "tainted": false
                    },
                    "deposed": [],
                    "provider": "module.jypiter.provider.kubernetes"
                },
                "kubernetes_persistent_volume_claim.custom-files": {
                    "type": "kubernetes_persistent_volume_claim",
                    "depends_on": [],
                    "primary": {
                        "id": "default/custom-files",
                        "attributes": {
                            "id": "default/custom-files",
                            "metadata.#": "1",
                            "metadata.0.annotations.%": "0",
                            "metadata.0.generate_name": "",
                            "metadata.0.generation": "0",
                            "metadata.0.labels.%": "0",
                            "metadata.0.name": "custom-files",
                            "metadata.0.namespace": "default",
                            "metadata.0.resource_version": "3158",
                            "metadata.0.self_link": "/api/v1/namespaces/default/persistentvolumeclaims/custom-files",
                            "metadata.0.uid": "89203de6-5baf-11e9-a65d-42010a84013c",
                            "spec.#": "1",
                            "spec.0.access_modes.#": "1",
                            "spec.0.access_modes.1245328686": "ReadWriteOnce",
                            "spec.0.resources.#": "1",
                            "spec.0.resources.0.limits.%": "0",
                            "spec.0.resources.0.requests.%": "1",
                            "spec.0.resources.0.requests.storage": "2Gi",
                            "spec.0.selector.#": "0",
                            "spec.0.storage_class_name": "standard",
                            "spec.0.volume_name": "pvc-89203de6-5baf-11e9-a65d-42010a84013c",
                            "wait_until_bound": "true"
                        },
                        "meta": {
                            "e2bfb730-ecaa-11e6-8f88-34363bc7c4c0": {
                                "create": 300000000000
                            }
                        },
                        "tainted": false
                    },
                    "deposed": [],
                    "provider": "module.jypiter.provider.kubernetes"
                },
                "kubernetes_service.jupyter-balancer": {
                    "type": "kubernetes_service",
                    "depends_on": [],
                    "primary": {
                        "id": "default/jupyter-balancer",
                        "attributes": {
                            "id": "default/jupyter-balancer",
                            "load_balancer_ingress.#": "1",
                            "load_balancer_ingress.0.hostname": "",
                            "load_balancer_ingress.0.ip": "35.240.118.240",
                            "metadata.#": "1",
                            "metadata.0.annotations.%": "0",
                            "metadata.0.generate_name": "",
                            "metadata.0.generation": "0",
                            "metadata.0.labels.%": "3",
                            "metadata.0.labels.app": "jupyter-notebook",
                            "metadata.0.labels.role": "master",
                            "metadata.0.labels.tier": "backend",
                            "metadata.0.name": "jupyter-balancer",
                            "metadata.0.namespace": "default",
                            "metadata.0.resource_version": "26992",
                            "metadata.0.self_link": "/api/v1/namespaces/default/services/jupyter-balancer",
                            "metadata.0.uid": "125c02cf-5bc0-11e9-ae69-42010a8400a7",
                            "spec.#": "1",
                            "spec.0.cluster_ip": "10.35.241.204",
                            "spec.0.external_ips.#": "0",
                            "spec.0.external_name": "",
                            "spec.0.load_balancer_ip": "",
                            "spec.0.load_balancer_source_ranges.#": "0",
                            "spec.0.port.#": "1",
                            "spec.0.port.0.name": "",
                            "spec.0.port.0.node_port": "31211",
                            "spec.0.port.0.port": "80",
                            "spec.0.port.0.protocol": "TCP",
                            "spec.0.port.0.target_port": "8888",
                            "spec.0.publish_not_ready_addresses": "false",
                            "spec.0.selector.%": "3",
                            "spec.0.selector.app": "jupyter-notebook",
                            "spec.0.selector.role": "master",
                            "spec.0.selector.tier": "backend",
                            "spec.0.session_affinity": "None",
                            "spec.0.type": "LoadBalancer"
                        },
                        "meta": {},
                        "tainted": false
                    },
                    "deposed": [],
                    "provider": "module.jypiter.provider.kubernetes"
                }
            },
            "depends_on": []
        },
        {
            "path": [
                "root",
                "mongo"
            ],
            "outputs": {
                "ip": {
                    "sensitive": false,
                    "type": "string",
                    "value": "35.233.74.230"
                }
            },
            "resources": {
                "kubernetes_deployment.mongo-master": {
                    "type": "kubernetes_deployment",
                    "depends_on": [],
                    "primary": {
                        "id": "default/mongo-master",
                        "attributes": {
                            "id": "default/mongo-master",
                            "metadata.#": "1",
                            "metadata.0.annotations.%": "0",
                            "metadata.0.generate_name": "",
                            "metadata.0.generation": "1",
                            "metadata.0.labels.%": "3",
                            "metadata.0.labels.app": "mongo",
                            "metadata.0.labels.role": "master",
                            "metadata.0.labels.tier": "backend",
                            "metadata.0.name": "mongo-master",
                            "metadata.0.namespace": "default",
                            "metadata.0.resource_version": "9107",
                            "metadata.0.self_link": "/apis/apps/v1/namespaces/default/deployments/mongo-master",
                            "metadata.0.uid": "a28fed8c-5bb3-11e9-81fe-42010a8400a6",
                            "spec.#": "1",
                            "spec.0.min_ready_seconds": "0",
                            "spec.0.paused": "false",
                            "spec.0.progress_deadline_seconds": "600",
                            "spec.0.replicas": "1",
                            "spec.0.revision_history_limit": "10",
                            "spec.0.selector.#": "1",
                            "spec.0.selector.0.match_expressions.#": "0",
                            "spec.0.selector.0.match_labels.%": "3",
                            "spec.0.selector.0.match_labels.app": "mongo",
                            "spec.0.selector.0.match_labels.role": "master",
                            "spec.0.selector.0.match_labels.tier": "backend",
                            "spec.0.strategy.#": "0",
                            "spec.0.template.#": "1",
                            "spec.0.template.0.metadata.#": "1",
                            "spec.0.template.0.metadata.0.annotations.%": "0",
                            "spec.0.template.0.metadata.0.generate_name": "",
                            "spec.0.template.0.metadata.0.generation": "0",
                            "spec.0.template.0.metadata.0.labels.%": "3",
                            "spec.0.template.0.metadata.0.labels.app": "mongo",
                            "spec.0.template.0.metadata.0.labels.role": "master",
                            "spec.0.template.0.metadata.0.labels.tier": "backend",
                            "spec.0.template.0.metadata.0.name": "",
                            "spec.0.template.0.metadata.0.namespace": "default",
                            "spec.0.template.0.metadata.0.resource_version": "",
                            "spec.0.template.0.metadata.0.self_link": "",
                            "spec.0.template.0.metadata.0.uid": "",
                            "spec.0.template.0.spec.#": "1",
                            "spec.0.template.0.spec.0.active_deadline_seconds": "0",
                            "spec.0.template.0.spec.0.container.#": "1",
                            "spec.0.template.0.spec.0.container.0.args.#": "0",
                            "spec.0.template.0.spec.0.container.0.command.#": "0",
                            "spec.0.template.0.spec.0.container.0.env.#": "4",
                            "spec.0.template.0.spec.0.container.0.env.0.name": "MONGODB_DATABASE",
                            "spec.0.template.0.spec.0.container.0.env.0.value": "mysinoptik",
                            "spec.0.template.0.spec.0.container.0.env.0.value_from.#": "0",
                            "spec.0.template.0.spec.0.container.0.env.1.name": "MONGODB_USERNAME",
                            "spec.0.template.0.spec.0.container.0.env.1.value": "main_admin",
                            "spec.0.template.0.spec.0.container.0.env.1.value_from.#": "0",
                            "spec.0.template.0.spec.0.container.0.env.2.name": "MONGODB_PASSWORD",
                            "spec.0.template.0.spec.0.container.0.env.2.value": "abc123",
                            "spec.0.template.0.spec.0.container.0.env.2.value_from.#": "0",
                            "spec.0.template.0.spec.0.container.0.env.3.name": "MONGODB_ROOT_PASSWORD",
                            "spec.0.template.0.spec.0.container.0.env.3.value": "rpassword",
                            "spec.0.template.0.spec.0.container.0.env.3.value_from.#": "0",
                            "spec.0.template.0.spec.0.container.0.env_from.#": "0",
                            "spec.0.template.0.spec.0.container.0.image": "bitnami/mongodb:latest",
                            "spec.0.template.0.spec.0.container.0.image_pull_policy": "Always",
                            "spec.0.template.0.spec.0.container.0.lifecycle.#": "0",
                            "spec.0.template.0.spec.0.container.0.liveness_probe.#": "0",
                            "spec.0.template.0.spec.0.container.0.name": "master",
                            "spec.0.template.0.spec.0.container.0.port.#": "1",
                            "spec.0.template.0.spec.0.container.0.port.0.container_port": "27017",
                            "spec.0.template.0.spec.0.container.0.port.0.host_ip": "",
                            "spec.0.template.0.spec.0.container.0.port.0.host_port": "0",
                            "spec.0.template.0.spec.0.container.0.port.0.name": "",
                            "spec.0.template.0.spec.0.container.0.port.0.protocol": "TCP",
                            "spec.0.template.0.spec.0.container.0.readiness_probe.#": "0",
                            "spec.0.template.0.spec.0.container.0.resources.#": "1",
                            "spec.0.template.0.spec.0.container.0.resources.0.limits.#": "0",
                            "spec.0.template.0.spec.0.container.0.resources.0.requests.#": "1",
                            "spec.0.template.0.spec.0.container.0.resources.0.requests.0.cpu": "100m",
                            "spec.0.template.0.spec.0.container.0.resources.0.requests.0.memory": "100Mi",
                            "spec.0.template.0.spec.0.container.0.security_context.#": "0",
                            "spec.0.template.0.spec.0.container.0.stdin": "false",
                            "spec.0.template.0.spec.0.container.0.stdin_once": "false",
                            "spec.0.template.0.spec.0.container.0.termination_message_path": "/dev/termination-log",
                            "spec.0.template.0.spec.0.container.0.tty": "false",
                            "spec.0.template.0.spec.0.container.0.volume_mount.#": "0",
                            "spec.0.template.0.spec.0.container.0.working_dir": "",
                            "spec.0.template.0.spec.0.dns_policy": "ClusterFirst",
                            "spec.0.template.0.spec.0.host_ipc": "false",
                            "spec.0.template.0.spec.0.host_network": "false",
                            "spec.0.template.0.spec.0.host_pid": "false",
                            "spec.0.template.0.spec.0.hostname": "",
                            "spec.0.template.0.spec.0.image_pull_secrets.#": "0",
                            "spec.0.template.0.spec.0.init_container.#": "0",
                            "spec.0.template.0.spec.0.node_name": "",
                            "spec.0.template.0.spec.0.node_selector.%": "0",
                            "spec.0.template.0.spec.0.restart_policy": "Always",
                            "spec.0.template.0.spec.0.security_context.#": "0",
                            "spec.0.template.0.spec.0.service_account_name": "",
                            "spec.0.template.0.spec.0.subdomain": "",
                            "spec.0.template.0.spec.0.termination_grace_period_seconds": "30",
                            "spec.0.template.0.spec.0.volume.#": "0"
                        },
                        "meta": {
                            "e2bfb730-ecaa-11e6-8f88-34363bc7c4c0": {
                                "create": 600000000000,
                                "delete": 600000000000,
                                "update": 600000000000
                            }
                        },
                        "tainted": false
                    },
                    "deposed": [],
                    "provider": "module.mongo.provider.kubernetes"
                },
                "kubernetes_service.mongo-master": {
                    "type": "kubernetes_service",
                    "depends_on": [],
                    "primary": {
                        "id": "default/mongo-master",
                        "attributes": {
                            "id": "default/mongo-master",
                            "load_balancer_ingress.#": "1",
                            "load_balancer_ingress.0.hostname": "",
                            "load_balancer_ingress.0.ip": "35.233.74.230",
                            "metadata.#": "1",
                            "metadata.0.annotations.%": "0",
                            "metadata.0.generate_name": "",
                            "metadata.0.generation": "0",
                            "metadata.0.labels.%": "3",
                            "metadata.0.labels.app": "mongo",
                            "metadata.0.labels.role": "master",
                            "metadata.0.labels.tier": "backend",
                            "metadata.0.name": "mongo-master",
                            "metadata.0.namespace": "default",
                            "metadata.0.resource_version": "26564",
                            "metadata.0.self_link": "/api/v1/namespaces/default/services/mongo-master",
                            "metadata.0.uid": "12558748-5bc0-11e9-ae69-42010a8400a7",
                            "spec.#": "1",
                            "spec.0.cluster_ip": "10.35.245.205",
                            "spec.0.external_ips.#": "0",
                            "spec.0.external_name": "",
                            "spec.0.load_balancer_ip": "",
                            "spec.0.load_balancer_source_ranges.#": "0",
                            "spec.0.port.#": "1",
                            "spec.0.port.0.name": "",
                            "spec.0.port.0.node_port": "30664",
                            "spec.0.port.0.port": "27017",
                            "spec.0.port.0.protocol": "TCP",
                            "spec.0.port.0.target_port": "27017",
                            "spec.0.publish_not_ready_addresses": "false",
                            "spec.0.selector.%": "3",
                            "spec.0.selector.app": "mongo",
                            "spec.0.selector.role": "master",
                            "spec.0.selector.tier": "backend",
                            "spec.0.session_affinity": "None",
                            "spec.0.type": "LoadBalancer"
                        },
                        "meta": {},
                        "tainted": false
                    },
                    "deposed": [],
                    "provider": "module.mongo.provider.kubernetes"
                }
            },
            "depends_on": []
        },
        {
            "path": [
                "root",
                "redis"
            ],
            "outputs": {
                "ip_redis": {
                    "sensitive": false,
                    "type": "string",
                    "value": "35.205.196.132"
                }
            },
            "resources": {
                "kubernetes_deployment.redis-master": {
                    "type": "kubernetes_deployment",
                    "depends_on": [],
                    "primary": {
                        "id": "default/redis-master",
                        "attributes": {
                            "id": "default/redis-master",
                            "metadata.#": "1",
                            "metadata.0.annotations.%": "0",
                            "metadata.0.generate_name": "",
                            "metadata.0.generation": "1",
                            "metadata.0.labels.%": "3",
                            "metadata.0.labels.app": "redis",
                            "metadata.0.labels.role": "master",
                            "metadata.0.labels.tier": "backend",
                            "metadata.0.name": "redis-master",
                            "metadata.0.namespace": "default",
                            "metadata.0.resource_version": "9033",
                            "metadata.0.self_link": "/apis/apps/v1/namespaces/default/deployments/redis-master",
                            "metadata.0.uid": "a28f875b-5bb3-11e9-81fe-42010a8400a6",
                            "spec.#": "1",
                            "spec.0.min_ready_seconds": "0",
                            "spec.0.paused": "false",
                            "spec.0.progress_deadline_seconds": "600",
                            "spec.0.replicas": "1",
                            "spec.0.revision_history_limit": "10",
                            "spec.0.selector.#": "1",
                            "spec.0.selector.0.match_expressions.#": "0",
                            "spec.0.selector.0.match_labels.%": "3",
                            "spec.0.selector.0.match_labels.app": "redis",
                            "spec.0.selector.0.match_labels.role": "master",
                            "spec.0.selector.0.match_labels.tier": "backend",
                            "spec.0.strategy.#": "0",
                            "spec.0.template.#": "1",
                            "spec.0.template.0.metadata.#": "1",
                            "spec.0.template.0.metadata.0.annotations.%": "0",
                            "spec.0.template.0.metadata.0.generate_name": "",
                            "spec.0.template.0.metadata.0.generation": "0",
                            "spec.0.template.0.metadata.0.labels.%": "3",
                            "spec.0.template.0.metadata.0.labels.app": "redis",
                            "spec.0.template.0.metadata.0.labels.role": "master",
                            "spec.0.template.0.metadata.0.labels.tier": "backend",
                            "spec.0.template.0.metadata.0.name": "",
                            "spec.0.template.0.metadata.0.namespace": "default",
                            "spec.0.template.0.metadata.0.resource_version": "",
                            "spec.0.template.0.metadata.0.self_link": "",
                            "spec.0.template.0.metadata.0.uid": "",
                            "spec.0.template.0.spec.#": "1",
                            "spec.0.template.0.spec.0.active_deadline_seconds": "0",
                            "spec.0.template.0.spec.0.container.#": "1",
                            "spec.0.template.0.spec.0.container.0.args.#": "0",
                            "spec.0.template.0.spec.0.container.0.command.#": "0",
                            "spec.0.template.0.spec.0.container.0.env.#": "0",
                            "spec.0.template.0.spec.0.container.0.env_from.#": "0",
                            "spec.0.template.0.spec.0.container.0.image": "k8s.gcr.io/redis:e2e",
                            "spec.0.template.0.spec.0.container.0.image_pull_policy": "IfNotPresent",
                            "spec.0.template.0.spec.0.container.0.lifecycle.#": "0",
                            "spec.0.template.0.spec.0.container.0.liveness_probe.#": "0",
                            "spec.0.template.0.spec.0.container.0.name": "master",
                            "spec.0.template.0.spec.0.container.0.port.#": "1",
                            "spec.0.template.0.spec.0.container.0.port.0.container_port": "6379",
                            "spec.0.template.0.spec.0.container.0.port.0.host_ip": "",
                            "spec.0.template.0.spec.0.container.0.port.0.host_port": "0",
                            "spec.0.template.0.spec.0.container.0.port.0.name": "",
                            "spec.0.template.0.spec.0.container.0.port.0.protocol": "TCP",
                            "spec.0.template.0.spec.0.container.0.readiness_probe.#": "0",
                            "spec.0.template.0.spec.0.container.0.resources.#": "1",
                            "spec.0.template.0.spec.0.container.0.resources.0.limits.#": "0",
                            "spec.0.template.0.spec.0.container.0.resources.0.requests.#": "1",
                            "spec.0.template.0.spec.0.container.0.resources.0.requests.0.cpu": "100m",
                            "spec.0.template.0.spec.0.container.0.resources.0.requests.0.memory": "100Mi",
                            "spec.0.template.0.spec.0.container.0.security_context.#": "0",
                            "spec.0.template.0.spec.0.container.0.stdin": "false",
                            "spec.0.template.0.spec.0.container.0.stdin_once": "false",
                            "spec.0.template.0.spec.0.container.0.termination_message_path": "/dev/termination-log",
                            "spec.0.template.0.spec.0.container.0.tty": "false",
                            "spec.0.template.0.spec.0.container.0.volume_mount.#": "0",
                            "spec.0.template.0.spec.0.container.0.working_dir": "",
                            "spec.0.template.0.spec.0.dns_policy": "ClusterFirst",
                            "spec.0.template.0.spec.0.host_ipc": "false",
                            "spec.0.template.0.spec.0.host_network": "false",
                            "spec.0.template.0.spec.0.host_pid": "false",
                            "spec.0.template.0.spec.0.hostname": "",
                            "spec.0.template.0.spec.0.image_pull_secrets.#": "0",
                            "spec.0.template.0.spec.0.init_container.#": "0",
                            "spec.0.template.0.spec.0.node_name": "",
                            "spec.0.template.0.spec.0.node_selector.%": "0",
                            "spec.0.template.0.spec.0.restart_policy": "Always",
                            "spec.0.template.0.spec.0.security_context.#": "0",
                            "spec.0.template.0.spec.0.service_account_name": "",
                            "spec.0.template.0.spec.0.subdomain": "",
                            "spec.0.template.0.spec.0.termination_grace_period_seconds": "30",
                            "spec.0.template.0.spec.0.volume.#": "0"
                        },
                        "meta": {
                            "e2bfb730-ecaa-11e6-8f88-34363bc7c4c0": {
                                "create": 600000000000,
                                "delete": 600000000000,
                                "update": 600000000000
                            }
                        },
                        "tainted": false
                    },
                    "deposed": [],
                    "provider": "module.redis.provider.kubernetes"
                },
                "kubernetes_service.redis-master": {
                    "type": "kubernetes_service",
                    "depends_on": [],
                    "primary": {
                        "id": "default/redis-master",
                        "attributes": {
                            "id": "default/redis-master",
                            "load_balancer_ingress.#": "1",
                            "load_balancer_ingress.0.hostname": "",
                            "load_balancer_ingress.0.ip": "35.205.196.132",
                            "metadata.#": "1",
                            "metadata.0.annotations.%": "0",
                            "metadata.0.generate_name": "",
                            "metadata.0.generation": "0",
                            "metadata.0.labels.%": "3",
                            "metadata.0.labels.app": "redis",
                            "metadata.0.labels.role": "master",
                            "metadata.0.labels.tier": "backend",
                            "metadata.0.name": "redis-master",
                            "metadata.0.namespace": "default",
                            "metadata.0.resource_version": "26716",
                            "metadata.0.self_link": "/api/v1/namespaces/default/services/redis-master",
                            "metadata.0.uid": "12580079-5bc0-11e9-ae69-42010a8400a7",
                            "spec.#": "1",
                            "spec.0.cluster_ip": "10.35.253.176",
                            "spec.0.external_ips.#": "0",
                            "spec.0.external_name": "",
                            "spec.0.load_balancer_ip": "",
                            "spec.0.load_balancer_source_ranges.#": "0",
                            "spec.0.port.#": "1",
                            "spec.0.port.0.name": "",
                            "spec.0.port.0.node_port": "30582",
                            "spec.0.port.0.port": "6379",
                            "spec.0.port.0.protocol": "TCP",
                            "spec.0.port.0.target_port": "6379",
                            "spec.0.publish_not_ready_addresses": "false",
                            "spec.0.selector.%": "3",
                            "spec.0.selector.app": "redis",
                            "spec.0.selector.role": "master",
                            "spec.0.selector.tier": "backend",
                            "spec.0.session_affinity": "None",
                            "spec.0.type": "LoadBalancer"
                        },
                        "meta": {},
                        "tainted": false
                    },
                    "deposed": [],
                    "provider": "module.redis.provider.kubernetes"
                }
            },
            "depends_on": []
        }
    ]
}
